<?xml version="1.0" encoding="UTF-8"?>
<!DOCTYPE plist PUBLIC "-//Apple//DTD PLIST 1.0//EN" "http://www.apple.com/DTDs/PropertyList-1.0.dtd">
<plist version="1.0">
<dict>
	<key>archiveVersion</key>
	<string>1</string>
	<key>classes</key>
	<dict/>
	<key>objectVersion</key>
	<string>46</string>
	<key>objects</key>
	<dict>
		<key>1AFF28BF77D4456B8788B566</key>
		<dict>
			<key>explicitFileType</key>
			<string>archive.ar</string>
			<key>includeInIndex</key>
			<string>0</string>
			<key>isa</key>
			<string>PBXFileReference</string>
			<key>path</key>
			<string>libPods.a</string>
			<key>sourceTree</key>
			<string>BUILT_PRODUCTS_DIR</string>
		</dict>
		<key>31DAA37A0E034CA893E56294</key>
		<dict>
			<key>buildActionMask</key>
			<string>2147483647</string>
			<key>files</key>
			<array/>
			<key>inputPaths</key>
			<array/>
			<key>isa</key>
			<string>PBXShellScriptBuildPhase</string>
			<key>name</key>
			<string>Copy Pods Resources</string>
			<key>outputPaths</key>
			<array/>
			<key>runOnlyForDeploymentPostprocessing</key>
			<string>0</string>
			<key>shellPath</key>
			<string>/bin/sh</string>
			<key>shellScript</key>
			<string>"${SRCROOT}/Pods/Pods-resources.sh"
</string>
			<key>showEnvVarsInLog</key>
			<string>0</string>
		</dict>
		<key>833E369B184E29C300A0326A</key>
		<dict>
			<key>children</key>
			<array>
				<string>833E36AD184E29C300A0326A</string>
				<string>833E36CC184E29C300A0326A</string>
				<string>833E36A6184E29C300A0326A</string>
				<string>833E36A5184E29C300A0326A</string>
				<string>B9096A3F908245BC9668610A</string>
			</array>
			<key>isa</key>
			<string>PBXGroup</string>
			<key>sourceTree</key>
			<string>&lt;group&gt;</string>
		</dict>
		<key>833E369C184E29C300A0326A</key>
		<dict>
			<key>attributes</key>
			<dict>
				<key>CLASSPREFIX</key>
				<string>RZ</string>
				<key>LastUpgradeCheck</key>
				<string>0510</string>
				<key>ORGANIZATIONNAME</key>
				<string>Raizlabs</string>
				<key>TargetAttributes</key>
				<dict>
					<key>833E36C4184E29C300A0326A</key>
					<dict>
						<key>TestTargetID</key>
						<string>833E36A3184E29C300A0326A</string>
					</dict>
				</dict>
			</dict>
			<key>buildConfigurationList</key>
			<string>833E369F184E29C300A0326A</string>
			<key>compatibilityVersion</key>
			<string>Xcode 3.2</string>
			<key>developmentRegion</key>
			<string>English</string>
			<key>hasScannedForEncodings</key>
			<string>0</string>
			<key>isa</key>
			<string>PBXProject</string>
			<key>knownRegions</key>
			<array>
				<string>en</string>
				<string>Base</string>
			</array>
			<key>mainGroup</key>
			<string>833E369B184E29C300A0326A</string>
			<key>productRefGroup</key>
			<string>833E36A5184E29C300A0326A</string>
			<key>projectDirPath</key>
			<string></string>
			<key>projectReferences</key>
			<array/>
			<key>projectRoot</key>
			<string></string>
			<key>targets</key>
			<array>
				<string>833E36A3184E29C300A0326A</string>
				<string>833E36C4184E29C300A0326A</string>
			</array>
		</dict>
		<key>833E369F184E29C300A0326A</key>
		<dict>
			<key>buildConfigurations</key>
			<array>
				<string>833E36D4184E29C300A0326A</string>
				<string>833E36D5184E29C300A0326A</string>
			</array>
			<key>defaultConfigurationIsVisible</key>
			<string>0</string>
			<key>defaultConfigurationName</key>
			<string>Release</string>
			<key>isa</key>
			<string>XCConfigurationList</string>
		</dict>
		<key>833E36A0184E29C300A0326A</key>
		<dict>
			<key>buildActionMask</key>
			<string>2147483647</string>
			<key>files</key>
			<array>
				<string>833E36E9184E5A9A00A0326A</string>
				<string>837D08C21859000F00E20B37</string>
				<string>833E3702184E5DB400A0326A</string>
				<string>833E36ED184E5AFF00A0326A</string>
				<string>833E36B4184E29C300A0326A</string>
				<string>83855D0A185F98E3004DB036</string>
			</array>
			<key>isa</key>
			<string>PBXSourcesBuildPhase</string>
			<key>runOnlyForDeploymentPostprocessing</key>
			<string>0</string>
		</dict>
		<key>833E36A1184E29C300A0326A</key>
		<dict>
			<key>buildActionMask</key>
			<string>2147483647</string>
			<key>files</key>
			<array>
				<string>833E36AA184E29C300A0326A</string>
				<string>833E36AC184E29C300A0326A</string>
				<string>833E36A8184E29C300A0326A</string>
				<string>88AE133B92FC466AB9F38D49</string>
			</array>
			<key>isa</key>
			<string>PBXFrameworksBuildPhase</string>
			<key>runOnlyForDeploymentPostprocessing</key>
			<string>0</string>
		</dict>
		<key>833E36A2184E29C300A0326A</key>
		<dict>
			<key>buildActionMask</key>
			<string>2147483647</string>
			<key>files</key>
			<array>
				<string>833E3703184E5DB400A0326A</string>
				<string>833E36EE184E5AFF00A0326A</string>
				<string>833E36C0184E29C300A0326A</string>
				<string>837D08C31859000F00E20B37</string>
				<string>833E36B2184E29C300A0326A</string>
			</array>
			<key>isa</key>
			<string>PBXResourcesBuildPhase</string>
			<key>runOnlyForDeploymentPostprocessing</key>
			<string>0</string>
		</dict>
		<key>833E36A3184E29C300A0326A</key>
		<dict>
			<key>buildConfigurationList</key>
			<string>833E36D6184E29C300A0326A</string>
			<key>buildPhases</key>
			<array>
				<string>95E9CA6CE89040409D1859FE</string>
				<string>833E36A0184E29C300A0326A</string>
				<string>833E36A1184E29C300A0326A</string>
				<string>833E36A2184E29C300A0326A</string>
				<string>31DAA37A0E034CA893E56294</string>
			</array>
			<key>buildRules</key>
			<array/>
			<key>dependencies</key>
			<array/>
			<key>isa</key>
			<string>PBXNativeTarget</string>
			<key>name</key>
			<string>RZTransitions-Demo</string>
			<key>productName</key>
			<string>RZTransitions-Demo</string>
			<key>productReference</key>
			<string>833E36A4184E29C300A0326A</string>
			<key>productType</key>
			<string>com.apple.product-type.application</string>
		</dict>
		<key>833E36A4184E29C300A0326A</key>
		<dict>
			<key>explicitFileType</key>
			<string>wrapper.application</string>
			<key>includeInIndex</key>
			<string>0</string>
			<key>isa</key>
			<string>PBXFileReference</string>
			<key>path</key>
			<string>RZTransitions-Demo.app</string>
			<key>sourceTree</key>
			<string>BUILT_PRODUCTS_DIR</string>
		</dict>
		<key>833E36A5184E29C300A0326A</key>
		<dict>
			<key>children</key>
			<array>
				<string>833E36A4184E29C300A0326A</string>
				<string>833E36C5184E29C300A0326A</string>
			</array>
			<key>isa</key>
			<string>PBXGroup</string>
			<key>name</key>
			<string>Products</string>
			<key>sourceTree</key>
			<string>&lt;group&gt;</string>
		</dict>
		<key>833E36A6184E29C300A0326A</key>
		<dict>
			<key>children</key>
			<array>
				<string>833E36A7184E29C300A0326A</string>
				<string>833E36A9184E29C300A0326A</string>
				<string>833E36AB184E29C300A0326A</string>
				<string>833E36C6184E29C300A0326A</string>
				<string>1AFF28BF77D4456B8788B566</string>
			</array>
			<key>isa</key>
			<string>PBXGroup</string>
			<key>name</key>
			<string>Frameworks</string>
			<key>sourceTree</key>
			<string>&lt;group&gt;</string>
		</dict>
		<key>833E36A7184E29C300A0326A</key>
		<dict>
			<key>isa</key>
			<string>PBXFileReference</string>
			<key>lastKnownFileType</key>
			<string>wrapper.framework</string>
			<key>name</key>
			<string>Foundation.framework</string>
			<key>path</key>
			<string>System/Library/Frameworks/Foundation.framework</string>
			<key>sourceTree</key>
			<string>SDKROOT</string>
		</dict>
		<key>833E36A8184E29C300A0326A</key>
		<dict>
			<key>fileRef</key>
			<string>833E36A7184E29C300A0326A</string>
			<key>isa</key>
			<string>PBXBuildFile</string>
		</dict>
		<key>833E36A9184E29C300A0326A</key>
		<dict>
			<key>isa</key>
			<string>PBXFileReference</string>
			<key>lastKnownFileType</key>
			<string>wrapper.framework</string>
			<key>name</key>
			<string>CoreGraphics.framework</string>
			<key>path</key>
			<string>System/Library/Frameworks/CoreGraphics.framework</string>
			<key>sourceTree</key>
			<string>SDKROOT</string>
		</dict>
		<key>833E36AA184E29C300A0326A</key>
		<dict>
			<key>fileRef</key>
			<string>833E36A9184E29C300A0326A</string>
			<key>isa</key>
			<string>PBXBuildFile</string>
		</dict>
		<key>833E36AB184E29C300A0326A</key>
		<dict>
			<key>isa</key>
			<string>PBXFileReference</string>
			<key>lastKnownFileType</key>
			<string>wrapper.framework</string>
			<key>name</key>
			<string>UIKit.framework</string>
			<key>path</key>
			<string>System/Library/Frameworks/UIKit.framework</string>
			<key>sourceTree</key>
			<string>SDKROOT</string>
		</dict>
		<key>833E36AC184E29C300A0326A</key>
		<dict>
			<key>fileRef</key>
			<string>833E36AB184E29C300A0326A</string>
			<key>isa</key>
			<string>PBXBuildFile</string>
		</dict>
		<key>833E36AD184E29C300A0326A</key>
		<dict>
			<key>children</key>
			<array>
				<string>833E36E2184E5A0C00A0326A</string>
				<string>833E36E5184E5A0C00A0326A</string>
				<string>833E36BF184E29C300A0326A</string>
				<string>83855D07185F98C4004DB036</string>
				<string>833E36AE184E29C300A0326A</string>
			</array>
			<key>isa</key>
			<string>PBXGroup</string>
			<key>path</key>
			<string>RZTransitions-Demo</string>
			<key>sourceTree</key>
			<string>&lt;group&gt;</string>
		</dict>
		<key>833E36AE184E29C300A0326A</key>
		<dict>
			<key>children</key>
			<array>
				<string>833E36AF184E29C300A0326A</string>
				<string>833E36B0184E29C300A0326A</string>
				<string>833E36B3184E29C300A0326A</string>
				<string>833E36B5184E29C300A0326A</string>
			</array>
			<key>isa</key>
			<string>PBXGroup</string>
			<key>name</key>
			<string>Supporting Files</string>
			<key>sourceTree</key>
			<string>&lt;group&gt;</string>
		</dict>
		<key>833E36AF184E29C300A0326A</key>
		<dict>
			<key>isa</key>
			<string>PBXFileReference</string>
			<key>lastKnownFileType</key>
			<string>text.plist.xml</string>
			<key>path</key>
			<string>RZTransitions-Demo-Info.plist</string>
			<key>sourceTree</key>
			<string>&lt;group&gt;</string>
		</dict>
		<key>833E36B0184E29C300A0326A</key>
		<dict>
			<key>children</key>
			<array>
				<string>833E36B1184E29C300A0326A</string>
			</array>
			<key>isa</key>
			<string>PBXVariantGroup</string>
			<key>name</key>
			<string>InfoPlist.strings</string>
			<key>sourceTree</key>
			<string>&lt;group&gt;</string>
		</dict>
		<key>833E36B1184E29C300A0326A</key>
		<dict>
			<key>isa</key>
			<string>PBXFileReference</string>
			<key>lastKnownFileType</key>
			<string>text.plist.strings</string>
			<key>name</key>
			<string>en</string>
			<key>path</key>
			<string>en.lproj/InfoPlist.strings</string>
			<key>sourceTree</key>
			<string>&lt;group&gt;</string>
		</dict>
		<key>833E36B2184E29C300A0326A</key>
		<dict>
			<key>fileRef</key>
			<string>833E36B0184E29C300A0326A</string>
			<key>isa</key>
			<string>PBXBuildFile</string>
		</dict>
		<key>833E36B3184E29C300A0326A</key>
		<dict>
			<key>isa</key>
			<string>PBXFileReference</string>
			<key>lastKnownFileType</key>
			<string>sourcecode.c.objc</string>
			<key>path</key>
			<string>main.m</string>
			<key>sourceTree</key>
			<string>&lt;group&gt;</string>
		</dict>
		<key>833E36B4184E29C300A0326A</key>
		<dict>
			<key>fileRef</key>
			<string>833E36B3184E29C300A0326A</string>
			<key>isa</key>
			<string>PBXBuildFile</string>
		</dict>
		<key>833E36B5184E29C300A0326A</key>
		<dict>
			<key>isa</key>
			<string>PBXFileReference</string>
			<key>lastKnownFileType</key>
			<string>sourcecode.c.h</string>
			<key>path</key>
			<string>RZTransitions-Demo-Prefix.pch</string>
			<key>sourceTree</key>
			<string>&lt;group&gt;</string>
		</dict>
		<key>833E36BF184E29C300A0326A</key>
		<dict>
			<key>isa</key>
			<string>PBXFileReference</string>
			<key>lastKnownFileType</key>
			<string>folder.assetcatalog</string>
			<key>path</key>
			<string>Images.xcassets</string>
			<key>sourceTree</key>
			<string>&lt;group&gt;</string>
		</dict>
		<key>833E36C0184E29C300A0326A</key>
		<dict>
			<key>fileRef</key>
			<string>833E36BF184E29C300A0326A</string>
			<key>isa</key>
			<string>PBXBuildFile</string>
		</dict>
		<key>833E36C1184E29C300A0326A</key>
		<dict>
			<key>buildActionMask</key>
			<string>2147483647</string>
			<key>files</key>
			<array>
				<string>83855D0B185F98E3004DB036</string>
				<string>833E36D3184E29C300A0326A</string>
			</array>
			<key>isa</key>
			<string>PBXSourcesBuildPhase</string>
			<key>runOnlyForDeploymentPostprocessing</key>
			<string>0</string>
		</dict>
		<key>833E36C2184E29C300A0326A</key>
		<dict>
			<key>buildActionMask</key>
			<string>2147483647</string>
			<key>files</key>
			<array>
				<string>833E36C7184E29C300A0326A</string>
				<string>833E36C9184E29C300A0326A</string>
				<string>833E36C8184E29C300A0326A</string>
			</array>
			<key>isa</key>
			<string>PBXFrameworksBuildPhase</string>
			<key>runOnlyForDeploymentPostprocessing</key>
			<string>0</string>
		</dict>
		<key>833E36C3184E29C300A0326A</key>
		<dict>
			<key>buildActionMask</key>
			<string>2147483647</string>
			<key>files</key>
			<array>
				<string>833E36D1184E29C300A0326A</string>
			</array>
			<key>isa</key>
			<string>PBXResourcesBuildPhase</string>
			<key>runOnlyForDeploymentPostprocessing</key>
			<string>0</string>
		</dict>
		<key>833E36C4184E29C300A0326A</key>
		<dict>
			<key>buildConfigurationList</key>
			<string>833E36D9184E29C300A0326A</string>
			<key>buildPhases</key>
			<array>
				<string>833E36C1184E29C300A0326A</string>
				<string>833E36C2184E29C300A0326A</string>
				<string>833E36C3184E29C300A0326A</string>
			</array>
			<key>buildRules</key>
			<array/>
			<key>dependencies</key>
			<array>
				<string>833E36CB184E29C300A0326A</string>
			</array>
			<key>isa</key>
			<string>PBXNativeTarget</string>
			<key>name</key>
			<string>RZTransitions-DemoTests</string>
			<key>productName</key>
			<string>RZTransitions-DemoTests</string>
			<key>productReference</key>
			<string>833E36C5184E29C300A0326A</string>
			<key>productType</key>
			<string>com.apple.product-type.bundle.unit-test</string>
		</dict>
		<key>833E36C5184E29C300A0326A</key>
		<dict>
			<key>explicitFileType</key>
			<string>wrapper.cfbundle</string>
			<key>includeInIndex</key>
			<string>0</string>
			<key>isa</key>
			<string>PBXFileReference</string>
			<key>path</key>
			<string>RZTransitions-DemoTests.xctest</string>
			<key>sourceTree</key>
			<string>BUILT_PRODUCTS_DIR</string>
		</dict>
		<key>833E36C6184E29C300A0326A</key>
		<dict>
			<key>isa</key>
			<string>PBXFileReference</string>
			<key>lastKnownFileType</key>
			<string>wrapper.framework</string>
			<key>name</key>
			<string>XCTest.framework</string>
			<key>path</key>
			<string>Library/Frameworks/XCTest.framework</string>
			<key>sourceTree</key>
			<string>DEVELOPER_DIR</string>
		</dict>
		<key>833E36C7184E29C300A0326A</key>
		<dict>
			<key>fileRef</key>
			<string>833E36C6184E29C300A0326A</string>
			<key>isa</key>
			<string>PBXBuildFile</string>
		</dict>
		<key>833E36C8184E29C300A0326A</key>
		<dict>
			<key>fileRef</key>
			<string>833E36A7184E29C300A0326A</string>
			<key>isa</key>
			<string>PBXBuildFile</string>
		</dict>
		<key>833E36C9184E29C300A0326A</key>
		<dict>
			<key>fileRef</key>
			<string>833E36AB184E29C300A0326A</string>
			<key>isa</key>
			<string>PBXBuildFile</string>
		</dict>
		<key>833E36CA184E29C300A0326A</key>
		<dict>
			<key>containerPortal</key>
			<string>833E369C184E29C300A0326A</string>
			<key>isa</key>
			<string>PBXContainerItemProxy</string>
			<key>proxyType</key>
			<string>1</string>
			<key>remoteGlobalIDString</key>
			<string>833E36A3184E29C300A0326A</string>
			<key>remoteInfo</key>
			<string>RZTransitions-Demo</string>
		</dict>
		<key>833E36CB184E29C300A0326A</key>
		<dict>
			<key>isa</key>
			<string>PBXTargetDependency</string>
			<key>target</key>
			<string>833E36A3184E29C300A0326A</string>
			<key>targetProxy</key>
			<string>833E36CA184E29C300A0326A</string>
		</dict>
		<key>833E36CC184E29C300A0326A</key>
		<dict>
			<key>children</key>
			<array>
				<string>833E36D2184E29C300A0326A</string>
				<string>833E36CD184E29C300A0326A</string>
			</array>
			<key>isa</key>
			<string>PBXGroup</string>
			<key>path</key>
			<string>RZTransitions-DemoTests</string>
			<key>sourceTree</key>
			<string>&lt;group&gt;</string>
		</dict>
		<key>833E36CD184E29C300A0326A</key>
		<dict>
			<key>children</key>
			<array>
				<string>833E36CE184E29C300A0326A</string>
				<string>833E36CF184E29C300A0326A</string>
			</array>
			<key>isa</key>
			<string>PBXGroup</string>
			<key>name</key>
			<string>Supporting Files</string>
			<key>sourceTree</key>
			<string>&lt;group&gt;</string>
		</dict>
		<key>833E36CE184E29C300A0326A</key>
		<dict>
			<key>isa</key>
			<string>PBXFileReference</string>
			<key>lastKnownFileType</key>
			<string>text.plist.xml</string>
			<key>path</key>
			<string>RZTransitions-DemoTests-Info.plist</string>
			<key>sourceTree</key>
			<string>&lt;group&gt;</string>
		</dict>
		<key>833E36CF184E29C300A0326A</key>
		<dict>
			<key>children</key>
			<array>
				<string>833E36D0184E29C300A0326A</string>
			</array>
			<key>isa</key>
			<string>PBXVariantGroup</string>
			<key>name</key>
			<string>InfoPlist.strings</string>
			<key>sourceTree</key>
			<string>&lt;group&gt;</string>
		</dict>
		<key>833E36D0184E29C300A0326A</key>
		<dict>
			<key>isa</key>
			<string>PBXFileReference</string>
			<key>lastKnownFileType</key>
			<string>text.plist.strings</string>
			<key>name</key>
			<string>en</string>
			<key>path</key>
			<string>en.lproj/InfoPlist.strings</string>
			<key>sourceTree</key>
			<string>&lt;group&gt;</string>
		</dict>
		<key>833E36D1184E29C300A0326A</key>
		<dict>
			<key>fileRef</key>
			<string>833E36CF184E29C300A0326A</string>
			<key>isa</key>
			<string>PBXBuildFile</string>
		</dict>
		<key>833E36D2184E29C300A0326A</key>
		<dict>
			<key>isa</key>
			<string>PBXFileReference</string>
			<key>lastKnownFileType</key>
			<string>sourcecode.c.objc</string>
			<key>path</key>
			<string>RZTransitions_DemoTests.m</string>
			<key>sourceTree</key>
			<string>&lt;group&gt;</string>
		</dict>
		<key>833E36D3184E29C300A0326A</key>
		<dict>
			<key>fileRef</key>
			<string>833E36D2184E29C300A0326A</string>
			<key>isa</key>
			<string>PBXBuildFile</string>
		</dict>
		<key>833E36D4184E29C300A0326A</key>
		<dict>
			<key>buildSettings</key>
			<dict>
				<key>ALWAYS_SEARCH_USER_PATHS</key>
				<string>NO</string>
				<key>CLANG_CXX_LANGUAGE_STANDARD</key>
				<string>gnu++0x</string>
				<key>CLANG_CXX_LIBRARY</key>
				<string>libc++</string>
				<key>CLANG_ENABLE_MODULES</key>
				<string>YES</string>
				<key>CLANG_ENABLE_OBJC_ARC</key>
				<string>YES</string>
				<key>CLANG_WARN_BOOL_CONVERSION</key>
				<string>YES</string>
				<key>CLANG_WARN_CONSTANT_CONVERSION</key>
				<string>YES</string>
				<key>CLANG_WARN_DIRECT_OBJC_ISA_USAGE</key>
				<string>YES_ERROR</string>
				<key>CLANG_WARN_EMPTY_BODY</key>
				<string>YES</string>
				<key>CLANG_WARN_ENUM_CONVERSION</key>
				<string>YES</string>
				<key>CLANG_WARN_INT_CONVERSION</key>
				<string>YES</string>
				<key>CLANG_WARN_OBJC_ROOT_CLASS</key>
				<string>YES_ERROR</string>
				<key>CLANG_WARN__DUPLICATE_METHOD_MATCH</key>
				<string>YES</string>
				<key>CODE_SIGN_IDENTITY[sdk=iphoneos*]</key>
				<string>iPhone Developer</string>
				<key>COPY_PHASE_STRIP</key>
				<string>NO</string>
				<key>GCC_C_LANGUAGE_STANDARD</key>
				<string>gnu99</string>
				<key>GCC_DYNAMIC_NO_PIC</key>
				<string>NO</string>
				<key>GCC_OPTIMIZATION_LEVEL</key>
				<string>0</string>
				<key>GCC_PREPROCESSOR_DEFINITIONS</key>
				<array>
					<string>DEBUG=1</string>
					<string>$(inherited)</string>
				</array>
				<key>GCC_SYMBOLS_PRIVATE_EXTERN</key>
				<string>NO</string>
				<key>GCC_WARN_64_TO_32_BIT_CONVERSION</key>
				<string>YES</string>
				<key>GCC_WARN_ABOUT_RETURN_TYPE</key>
				<string>YES_ERROR</string>
				<key>GCC_WARN_UNDECLARED_SELECTOR</key>
				<string>YES</string>
				<key>GCC_WARN_UNINITIALIZED_AUTOS</key>
				<string>YES</string>
				<key>GCC_WARN_UNUSED_FUNCTION</key>
				<string>YES</string>
				<key>GCC_WARN_UNUSED_VARIABLE</key>
				<string>YES</string>
				<key>IPHONEOS_DEPLOYMENT_TARGET</key>
				<string>7.0</string>
				<key>ONLY_ACTIVE_ARCH</key>
				<string>YES</string>
				<key>SDKROOT</key>
				<string>iphoneos</string>
			</dict>
			<key>isa</key>
			<string>XCBuildConfiguration</string>
			<key>name</key>
			<string>Debug</string>
		</dict>
		<key>833E36D5184E29C300A0326A</key>
		<dict>
			<key>buildSettings</key>
			<dict>
				<key>ALWAYS_SEARCH_USER_PATHS</key>
				<string>NO</string>
				<key>CLANG_CXX_LANGUAGE_STANDARD</key>
				<string>gnu++0x</string>
				<key>CLANG_CXX_LIBRARY</key>
				<string>libc++</string>
				<key>CLANG_ENABLE_MODULES</key>
				<string>YES</string>
				<key>CLANG_ENABLE_OBJC_ARC</key>
				<string>YES</string>
				<key>CLANG_WARN_BOOL_CONVERSION</key>
				<string>YES</string>
				<key>CLANG_WARN_CONSTANT_CONVERSION</key>
				<string>YES</string>
				<key>CLANG_WARN_DIRECT_OBJC_ISA_USAGE</key>
				<string>YES_ERROR</string>
				<key>CLANG_WARN_EMPTY_BODY</key>
				<string>YES</string>
				<key>CLANG_WARN_ENUM_CONVERSION</key>
				<string>YES</string>
				<key>CLANG_WARN_INT_CONVERSION</key>
				<string>YES</string>
				<key>CLANG_WARN_OBJC_ROOT_CLASS</key>
				<string>YES_ERROR</string>
				<key>CLANG_WARN__DUPLICATE_METHOD_MATCH</key>
				<string>YES</string>
				<key>CODE_SIGN_IDENTITY[sdk=iphoneos*]</key>
				<string>iPhone Developer</string>
				<key>COPY_PHASE_STRIP</key>
				<string>YES</string>
				<key>ENABLE_NS_ASSERTIONS</key>
				<string>NO</string>
				<key>GCC_C_LANGUAGE_STANDARD</key>
				<string>gnu99</string>
				<key>GCC_WARN_64_TO_32_BIT_CONVERSION</key>
				<string>YES</string>
				<key>GCC_WARN_ABOUT_RETURN_TYPE</key>
				<string>YES_ERROR</string>
				<key>GCC_WARN_UNDECLARED_SELECTOR</key>
				<string>YES</string>
				<key>GCC_WARN_UNINITIALIZED_AUTOS</key>
				<string>YES</string>
				<key>GCC_WARN_UNUSED_FUNCTION</key>
				<string>YES</string>
				<key>GCC_WARN_UNUSED_VARIABLE</key>
				<string>YES</string>
				<key>IPHONEOS_DEPLOYMENT_TARGET</key>
				<string>7.0</string>
				<key>SDKROOT</key>
				<string>iphoneos</string>
				<key>VALIDATE_PRODUCT</key>
				<string>YES</string>
			</dict>
			<key>isa</key>
			<string>XCBuildConfiguration</string>
			<key>name</key>
			<string>Release</string>
		</dict>
		<key>833E36D6184E29C300A0326A</key>
		<dict>
			<key>buildConfigurations</key>
			<array>
				<string>833E36D7184E29C300A0326A</string>
				<string>833E36D8184E29C300A0326A</string>
			</array>
			<key>defaultConfigurationIsVisible</key>
			<string>0</string>
			<key>defaultConfigurationName</key>
			<string>Release</string>
			<key>isa</key>
			<string>XCConfigurationList</string>
		</dict>
		<key>833E36D7184E29C300A0326A</key>
		<dict>
			<key>baseConfigurationReference</key>
			<string>B9096A3F908245BC9668610A</string>
			<key>buildSettings</key>
			<dict>
				<key>ASSETCATALOG_COMPILER_APPICON_NAME</key>
				<string>AppIcon</string>
				<key>ASSETCATALOG_COMPILER_LAUNCHIMAGE_NAME</key>
				<string>LaunchImage</string>
				<key>GCC_PRECOMPILE_PREFIX_HEADER</key>
				<string>YES</string>
				<key>GCC_PREFIX_HEADER</key>
				<string>RZTransitions-Demo/RZTransitions-Demo-Prefix.pch</string>
				<key>INFOPLIST_FILE</key>
				<string>RZTransitions-Demo/RZTransitions-Demo-Info.plist</string>
				<key>PRODUCT_NAME</key>
				<string>$(TARGET_NAME)</string>
				<key>WRAPPER_EXTENSION</key>
				<string>app</string>
			</dict>
			<key>isa</key>
			<string>XCBuildConfiguration</string>
			<key>name</key>
			<string>Debug</string>
		</dict>
		<key>833E36D8184E29C300A0326A</key>
		<dict>
			<key>baseConfigurationReference</key>
			<string>B9096A3F908245BC9668610A</string>
			<key>buildSettings</key>
			<dict>
				<key>ASSETCATALOG_COMPILER_APPICON_NAME</key>
				<string>AppIcon</string>
				<key>ASSETCATALOG_COMPILER_LAUNCHIMAGE_NAME</key>
				<string>LaunchImage</string>
				<key>GCC_PRECOMPILE_PREFIX_HEADER</key>
				<string>YES</string>
				<key>GCC_PREFIX_HEADER</key>
				<string>RZTransitions-Demo/RZTransitions-Demo-Prefix.pch</string>
				<key>INFOPLIST_FILE</key>
				<string>RZTransitions-Demo/RZTransitions-Demo-Info.plist</string>
				<key>PRODUCT_NAME</key>
				<string>$(TARGET_NAME)</string>
				<key>WRAPPER_EXTENSION</key>
				<string>app</string>
			</dict>
			<key>isa</key>
			<string>XCBuildConfiguration</string>
			<key>name</key>
			<string>Release</string>
		</dict>
		<key>833E36D9184E29C300A0326A</key>
		<dict>
			<key>buildConfigurations</key>
			<array>
				<string>833E36DA184E29C300A0326A</string>
				<string>833E36DB184E29C300A0326A</string>
			</array>
			<key>defaultConfigurationIsVisible</key>
			<string>0</string>
			<key>defaultConfigurationName</key>
			<string>Release</string>
			<key>isa</key>
			<string>XCConfigurationList</string>
		</dict>
		<key>833E36DA184E29C300A0326A</key>
		<dict>
			<key>buildSettings</key>
			<dict>
				<key>BUNDLE_LOADER</key>
				<string>$(BUILT_PRODUCTS_DIR)/RZTransitions-Demo.app/RZTransitions-Demo</string>
				<key>FRAMEWORK_SEARCH_PATHS</key>
				<array>
					<string>$(SDKROOT)/Developer/Library/Frameworks</string>
					<string>$(inherited)</string>
					<string>$(DEVELOPER_FRAMEWORKS_DIR)</string>
				</array>
				<key>GCC_PRECOMPILE_PREFIX_HEADER</key>
				<string>YES</string>
				<key>GCC_PREFIX_HEADER</key>
				<string>RZTransitions-Demo/RZTransitions-Demo-Prefix.pch</string>
				<key>GCC_PREPROCESSOR_DEFINITIONS</key>
				<array>
					<string>DEBUG=1</string>
					<string>$(inherited)</string>
				</array>
				<key>INFOPLIST_FILE</key>
				<string>RZTransitions-DemoTests/RZTransitions-DemoTests-Info.plist</string>
				<key>PRODUCT_NAME</key>
				<string>$(TARGET_NAME)</string>
				<key>TEST_HOST</key>
				<string>$(BUNDLE_LOADER)</string>
				<key>WRAPPER_EXTENSION</key>
				<string>xctest</string>
			</dict>
			<key>isa</key>
			<string>XCBuildConfiguration</string>
			<key>name</key>
			<string>Debug</string>
		</dict>
		<key>833E36DB184E29C300A0326A</key>
		<dict>
			<key>buildSettings</key>
			<dict>
				<key>BUNDLE_LOADER</key>
				<string>$(BUILT_PRODUCTS_DIR)/RZTransitions-Demo.app/RZTransitions-Demo</string>
				<key>FRAMEWORK_SEARCH_PATHS</key>
				<array>
					<string>$(SDKROOT)/Developer/Library/Frameworks</string>
					<string>$(inherited)</string>
					<string>$(DEVELOPER_FRAMEWORKS_DIR)</string>
				</array>
				<key>GCC_PRECOMPILE_PREFIX_HEADER</key>
				<string>YES</string>
				<key>GCC_PREFIX_HEADER</key>
				<string>RZTransitions-Demo/RZTransitions-Demo-Prefix.pch</string>
				<key>INFOPLIST_FILE</key>
				<string>RZTransitions-DemoTests/RZTransitions-DemoTests-Info.plist</string>
				<key>PRODUCT_NAME</key>
				<string>$(TARGET_NAME)</string>
				<key>TEST_HOST</key>
				<string>$(BUNDLE_LOADER)</string>
				<key>WRAPPER_EXTENSION</key>
				<string>xctest</string>
			</dict>
			<key>isa</key>
			<string>XCBuildConfiguration</string>
			<key>name</key>
			<string>Release</string>
		</dict>
		<key>833E36E2184E5A0C00A0326A</key>
		<dict>
			<key>children</key>
			<array>
				<string>833E36E7184E5A9A00A0326A</string>
				<string>833E36E8184E5A9A00A0326A</string>
			</array>
			<key>isa</key>
			<string>PBXGroup</string>
			<key>path</key>
			<string>Application</string>
			<key>sourceTree</key>
			<string>&lt;group&gt;</string>
		</dict>
		<key>833E36E5184E5A0C00A0326A</key>
		<dict>
			<key>children</key>
			<array>
				<string>E1A39664194F571C0034A158</string>
				<string>E1A39665194F57270034A158</string>
				<string>E1A39666194F572F0034A158</string>
			</array>
			<key>isa</key>
			<string>PBXGroup</string>
			<key>path</key>
			<string>ViewControllers</string>
			<key>sourceTree</key>
			<string>&lt;group&gt;</string>
		</dict>
		<key>833E36E7184E5A9A00A0326A</key>
		<dict>
			<key>fileEncoding</key>
			<string>4</string>
			<key>isa</key>
			<string>PBXFileReference</string>
			<key>lastKnownFileType</key>
			<string>sourcecode.c.h</string>
			<key>path</key>
			<string>RZTransitionsDemoAppDelegate.h</string>
			<key>sourceTree</key>
			<string>&lt;group&gt;</string>
		</dict>
		<key>833E36E8184E5A9A00A0326A</key>
		<dict>
			<key>fileEncoding</key>
			<string>4</string>
			<key>isa</key>
			<string>PBXFileReference</string>
			<key>lastKnownFileType</key>
			<string>sourcecode.c.objc</string>
			<key>path</key>
			<string>RZTransitionsDemoAppDelegate.m</string>
			<key>sourceTree</key>
			<string>&lt;group&gt;</string>
		</dict>
		<key>833E36E9184E5A9A00A0326A</key>
		<dict>
			<key>fileRef</key>
			<string>833E36E8184E5A9A00A0326A</string>
			<key>isa</key>
			<string>PBXBuildFile</string>
		</dict>
		<key>833E36EA184E5AFF00A0326A</key>
		<dict>
			<key>fileEncoding</key>
			<string>4</string>
			<key>isa</key>
			<string>PBXFileReference</string>
			<key>lastKnownFileType</key>
			<string>sourcecode.c.h</string>
			<key>path</key>
			<string>RZSimpleViewController.h</string>
			<key>sourceTree</key>
			<string>&lt;group&gt;</string>
		</dict>
		<key>833E36EB184E5AFF00A0326A</key>
		<dict>
			<key>fileEncoding</key>
			<string>4</string>
			<key>isa</key>
			<string>PBXFileReference</string>
			<key>lastKnownFileType</key>
			<string>sourcecode.c.objc</string>
			<key>path</key>
			<string>RZSimpleViewController.m</string>
			<key>sourceTree</key>
			<string>&lt;group&gt;</string>
		</dict>
		<key>833E36EC184E5AFF00A0326A</key>
		<dict>
			<key>fileEncoding</key>
			<string>4</string>
			<key>isa</key>
			<string>PBXFileReference</string>
			<key>lastKnownFileType</key>
			<string>file.xib</string>
			<key>path</key>
			<string>RZSimpleViewController.xib</string>
			<key>sourceTree</key>
			<string>&lt;group&gt;</string>
		</dict>
		<key>833E36ED184E5AFF00A0326A</key>
		<dict>
			<key>fileRef</key>
			<string>833E36EB184E5AFF00A0326A</string>
			<key>isa</key>
			<string>PBXBuildFile</string>
		</dict>
		<key>833E36EE184E5AFF00A0326A</key>
		<dict>
			<key>fileRef</key>
			<string>833E36EC184E5AFF00A0326A</string>
			<key>isa</key>
			<string>PBXBuildFile</string>
		</dict>
		<key>833E36FF184E5DB400A0326A</key>
		<dict>
			<key>fileEncoding</key>
			<string>4</string>
			<key>isa</key>
			<string>PBXFileReference</string>
			<key>lastKnownFileType</key>
			<string>sourcecode.c.h</string>
			<key>path</key>
			<string>RZSimpleColorViewController.h</string>
			<key>sourceTree</key>
			<string>&lt;group&gt;</string>
		</dict>
		<key>833E3700184E5DB400A0326A</key>
		<dict>
			<key>fileEncoding</key>
			<string>4</string>
			<key>isa</key>
			<string>PBXFileReference</string>
			<key>lastKnownFileType</key>
			<string>sourcecode.c.objc</string>
			<key>path</key>
			<string>RZSimpleColorViewController.m</string>
			<key>sourceTree</key>
			<string>&lt;group&gt;</string>
		</dict>
		<key>833E3701184E5DB400A0326A</key>
		<dict>
			<key>fileEncoding</key>
			<string>4</string>
			<key>isa</key>
			<string>PBXFileReference</string>
			<key>lastKnownFileType</key>
			<string>file.xib</string>
			<key>path</key>
			<string>RZSimpleColorViewController.xib</string>
			<key>sourceTree</key>
			<string>&lt;group&gt;</string>
		</dict>
		<key>833E3702184E5DB400A0326A</key>
		<dict>
			<key>fileRef</key>
			<string>833E3700184E5DB400A0326A</string>
			<key>isa</key>
			<string>PBXBuildFile</string>
		</dict>
		<key>833E3703184E5DB400A0326A</key>
		<dict>
			<key>fileRef</key>
			<string>833E3701184E5DB400A0326A</string>
			<key>isa</key>
			<string>PBXBuildFile</string>
		</dict>
		<key>837D08BF1859000F00E20B37</key>
		<dict>
			<key>fileEncoding</key>
			<string>4</string>
			<key>isa</key>
			<string>PBXFileReference</string>
			<key>lastKnownFileType</key>
			<string>sourcecode.c.h</string>
			<key>path</key>
			<string>RZSimpleCollectionViewController.h</string>
			<key>sourceTree</key>
			<string>&lt;group&gt;</string>
		</dict>
		<key>837D08C01859000F00E20B37</key>
		<dict>
			<key>fileEncoding</key>
			<string>4</string>
			<key>isa</key>
			<string>PBXFileReference</string>
			<key>lastKnownFileType</key>
			<string>sourcecode.c.objc</string>
			<key>path</key>
			<string>RZSimpleCollectionViewController.m</string>
			<key>sourceTree</key>
			<string>&lt;group&gt;</string>
		</dict>
		<key>837D08C11859000F00E20B37</key>
		<dict>
			<key>fileEncoding</key>
			<string>4</string>
			<key>isa</key>
			<string>PBXFileReference</string>
			<key>lastKnownFileType</key>
			<string>file.xib</string>
			<key>path</key>
			<string>RZSimpleCollectionViewController.xib</string>
			<key>sourceTree</key>
			<string>&lt;group&gt;</string>
		</dict>
		<key>837D08C21859000F00E20B37</key>
		<dict>
			<key>fileRef</key>
			<string>837D08C01859000F00E20B37</string>
			<key>isa</key>
			<string>PBXBuildFile</string>
		</dict>
		<key>837D08C31859000F00E20B37</key>
		<dict>
			<key>fileRef</key>
			<string>837D08C11859000F00E20B37</string>
			<key>isa</key>
			<string>PBXBuildFile</string>
		</dict>
		<key>83855D07185F98C4004DB036</key>
		<dict>
			<key>children</key>
			<array>
				<string>83855D08185F98E3004DB036</string>
				<string>83855D09185F98E3004DB036</string>
			</array>
			<key>isa</key>
			<string>PBXGroup</string>
			<key>name</key>
			<string>Utilities</string>
			<key>path</key>
			<string>RZTransitions-Demo/Utilities</string>
			<key>sourceTree</key>
			<string>SOURCE_ROOT</string>
		</dict>
		<key>83855D08185F98E3004DB036</key>
		<dict>
			<key>fileEncoding</key>
			<string>4</string>
			<key>isa</key>
			<string>PBXFileReference</string>
			<key>lastKnownFileType</key>
			<string>sourcecode.c.h</string>
			<key>path</key>
			<string>UIColor+Random.h</string>
			<key>sourceTree</key>
			<string>&lt;group&gt;</string>
		</dict>
		<key>83855D09185F98E3004DB036</key>
		<dict>
			<key>fileEncoding</key>
			<string>4</string>
			<key>isa</key>
			<string>PBXFileReference</string>
			<key>lastKnownFileType</key>
			<string>sourcecode.c.objc</string>
			<key>path</key>
			<string>UIColor+Random.m</string>
			<key>sourceTree</key>
			<string>&lt;group&gt;</string>
		</dict>
		<key>83855D0A185F98E3004DB036</key>
		<dict>
			<key>fileRef</key>
			<string>83855D09185F98E3004DB036</string>
			<key>isa</key>
			<string>PBXBuildFile</string>
		</dict>
		<key>83855D0B185F98E3004DB036</key>
		<dict>
			<key>fileRef</key>
			<string>83855D09185F98E3004DB036</string>
			<key>isa</key>
			<string>PBXBuildFile</string>
		</dict>
		<key>88AE133B92FC466AB9F38D49</key>
		<dict>
			<key>fileRef</key>
			<string>1AFF28BF77D4456B8788B566</string>
			<key>isa</key>
			<string>PBXBuildFile</string>
		</dict>
		<key>95E9CA6CE89040409D1859FE</key>
		<dict>
			<key>buildActionMask</key>
			<string>2147483647</string>
			<key>files</key>
			<array/>
			<key>inputPaths</key>
			<array/>
			<key>isa</key>
			<string>PBXShellScriptBuildPhase</string>
			<key>name</key>
			<string>Check Pods Manifest.lock</string>
			<key>outputPaths</key>
			<array/>
			<key>runOnlyForDeploymentPostprocessing</key>
			<string>0</string>
			<key>shellPath</key>
			<string>/bin/sh</string>
			<key>shellScript</key>
			<string>diff "${PODS_ROOT}/../Podfile.lock" "${PODS_ROOT}/Manifest.lock" &gt; /dev/null
if [[ $? != 0 ]] ; then
    cat &lt;&lt; EOM
error: The sandbox is not in sync with the Podfile.lock. Run 'pod install' or update your CocoaPods installation.
EOM
    exit 1
fi
</string>
			<key>showEnvVarsInLog</key>
			<string>0</string>
		</dict>
		<key>B9096A3F908245BC9668610A</key>
		<dict>
			<key>includeInIndex</key>
			<string>1</string>
			<key>isa</key>
			<string>PBXFileReference</string>
			<key>lastKnownFileType</key>
			<string>text.xcconfig</string>
			<key>name</key>
			<string>Pods.xcconfig</string>
			<key>path</key>
			<string>Pods/Pods.xcconfig</string>
			<key>sourceTree</key>
			<string>&lt;group&gt;</string>
		</dict>
		<key>E1A39664194F571C0034A158</key>
		<dict>
			<key>children</key>
			<array>
				<string>833E36EA184E5AFF00A0326A</string>
				<string>833E36EB184E5AFF00A0326A</string>
				<string>833E36EC184E5AFF00A0326A</string>
			</array>
			<key>isa</key>
			<string>PBXGroup</string>
			<key>name</key>
			<string>Simple View Controller</string>
			<key>sourceTree</key>
			<string>&lt;group&gt;</string>
		</dict>
		<key>E1A39665194F57270034A158</key>
		<dict>
			<key>children</key>
			<array>
				<string>833E36FF184E5DB400A0326A</string>
				<string>833E3700184E5DB400A0326A</string>
				<string>833E3701184E5DB400A0326A</string>
			</array>
			<key>isa</key>
			<string>PBXGroup</string>
			<key>name</key>
			<string>Simple Color View Controller</string>
			<key>sourceTree</key>
			<string>&lt;group&gt;</string>
		</dict>
		<key>E1A39666194F572F0034A158</key>
		<dict>
			<key>children</key>
			<array>
				<string>837D08BF1859000F00E20B37</string>
				<string>837D08C01859000F00E20B37</string>
				<string>837D08C11859000F00E20B37</string>
			</array>
			<key>isa</key>
			<string>PBXGroup</string>
			<key>name</key>
			<string>Simple Collection View Controller</string>
			<key>sourceTree</key>
			<string>&lt;group&gt;</string>
		</dict>
	</dict>
	<key>rootObject</key>
	<string>833E369C184E29C300A0326A</string>
</dict>
</plist>
