// !$*UTF8*$!
{
	archiveVersion = 1;
	classes = {
	};
	objectVersion = 47;
	objects = {

/* Begin PBXBuildFile section */
		833E36A8184E29C300A0326A /* Foundation.framework in Frameworks */ = {isa = PBXBuildFile; fileRef = 833E36A7184E29C300A0326A /* Foundation.framework */; };
		833E36AA184E29C300A0326A /* CoreGraphics.framework in Frameworks */ = {isa = PBXBuildFile; fileRef = 833E36A9184E29C300A0326A /* CoreGraphics.framework */; };
		833E36AC184E29C300A0326A /* UIKit.framework in Frameworks */ = {isa = PBXBuildFile; fileRef = 833E36AB184E29C300A0326A /* UIKit.framework */; };
		833E36B2184E29C300A0326A /* InfoPlist.strings in Resources */ = {isa = PBXBuildFile; fileRef = 833E36B0184E29C300A0326A /* InfoPlist.strings */; };
		833E36B4184E29C300A0326A /* main.m in Sources */ = {isa = PBXBuildFile; fileRef = 833E36B3184E29C300A0326A /* main.m */; };
		833E36C0184E29C300A0326A /* Images.xcassets in Resources */ = {isa = PBXBuildFile; fileRef = 833E36BF184E29C300A0326A /* Images.xcassets */; };
		833E36C7184E29C300A0326A /* XCTest.framework in Frameworks */ = {isa = PBXBuildFile; fileRef = 833E36C6184E29C300A0326A /* XCTest.framework */; };
		833E36C8184E29C300A0326A /* Foundation.framework in Frameworks */ = {isa = PBXBuildFile; fileRef = 833E36A7184E29C300A0326A /* Foundation.framework */; };
		833E36C9184E29C300A0326A /* UIKit.framework in Frameworks */ = {isa = PBXBuildFile; fileRef = 833E36AB184E29C300A0326A /* UIKit.framework */; };
		833E36D1184E29C300A0326A /* InfoPlist.strings in Resources */ = {isa = PBXBuildFile; fileRef = 833E36CF184E29C300A0326A /* InfoPlist.strings */; };
		833E36D3184E29C300A0326A /* RZTransitions_DemoTests.m in Sources */ = {isa = PBXBuildFile; fileRef = 833E36D2184E29C300A0326A /* RZTransitions_DemoTests.m */; };
		833E36E9184E5A9A00A0326A /* RZTransitionsDemoAppDelegate.m in Sources */ = {isa = PBXBuildFile; fileRef = 833E36E8184E5A9A00A0326A /* RZTransitionsDemoAppDelegate.m */; };
		833E36ED184E5AFF00A0326A /* RZSimpleViewController.m in Sources */ = {isa = PBXBuildFile; fileRef = 833E36EB184E5AFF00A0326A /* RZSimpleViewController.m */; };
		833E36EE184E5AFF00A0326A /* RZSimpleViewController.xib in Resources */ = {isa = PBXBuildFile; fileRef = 833E36EC184E5AFF00A0326A /* RZSimpleViewController.xib */; };
		833E3702184E5DB400A0326A /* RZSimpleColorViewController.m in Sources */ = {isa = PBXBuildFile; fileRef = 833E3700184E5DB400A0326A /* RZSimpleColorViewController.m */; };
		833E3703184E5DB400A0326A /* RZSimpleColorViewController.xib in Resources */ = {isa = PBXBuildFile; fileRef = 833E3701184E5DB400A0326A /* RZSimpleColorViewController.xib */; };
		837D08C21859000F00E20B37 /* RZSimpleCollectionViewController.m in Sources */ = {isa = PBXBuildFile; fileRef = 837D08C01859000F00E20B37 /* RZSimpleCollectionViewController.m */; };
		837D08C31859000F00E20B37 /* RZSimpleCollectionViewController.xib in Resources */ = {isa = PBXBuildFile; fileRef = 837D08C11859000F00E20B37 /* RZSimpleCollectionViewController.xib */; };
		83855D0A185F98E3004DB036 /* UIColor+Random.m in Sources */ = {isa = PBXBuildFile; fileRef = 83855D09185F98E3004DB036 /* UIColor+Random.m */; };
		83855D0B185F98E3004DB036 /* UIColor+Random.m in Sources */ = {isa = PBXBuildFile; fileRef = 83855D09185F98E3004DB036 /* UIColor+Random.m */; };
		9A0F7C96195A0B9500271D1D /* RZTransitionsNavigationController.m in Sources */ = {isa = PBXBuildFile; fileRef = 9A0F7C69195A0B9500271D1D /* RZTransitionsNavigationController.m */; };
		9A0F7C97195A0B9500271D1D /* RZUniqueTransition.m in Sources */ = {isa = PBXBuildFile; fileRef = 9A0F7C6D195A0B9500271D1D /* RZUniqueTransition.m */; };
		9A0F7C98195A0B9500271D1D /* RZBaseSwipeInteractionController.m in Sources */ = {isa = PBXBuildFile; fileRef = 9A0F7C70195A0B9500271D1D /* RZBaseSwipeInteractionController.m */; };
		9A0F7C99195A0B9500271D1D /* RZHorizontalInteractionController.m in Sources */ = {isa = PBXBuildFile; fileRef = 9A0F7C72195A0B9500271D1D /* RZHorizontalInteractionController.m */; };
		9A0F7C9A195A0B9500271D1D /* RZOverscrollInteractionController.m in Sources */ = {isa = PBXBuildFile; fileRef = 9A0F7C74195A0B9500271D1D /* RZOverscrollInteractionController.m */; };
		9A0F7C9B195A0B9500271D1D /* RZPinchInteractionController.m in Sources */ = {isa = PBXBuildFile; fileRef = 9A0F7C76195A0B9500271D1D /* RZPinchInteractionController.m */; };
		9A0F7C9C195A0B9500271D1D /* RZVerticalSwipeInteractionController.m in Sources */ = {isa = PBXBuildFile; fileRef = 9A0F7C7A195A0B9500271D1D /* RZVerticalSwipeInteractionController.m */; };
		9A0F7C9D195A0B9500271D1D /* RZTransitionsManager.m in Sources */ = {isa = PBXBuildFile; fileRef = 9A0F7C7D195A0B9500271D1D /* RZTransitionsManager.m */; };
		9A0F7C9E195A0B9500271D1D /* RZCardSlideAnimationController.m in Sources */ = {isa = PBXBuildFile; fileRef = 9A0F7C81195A0B9500271D1D /* RZCardSlideAnimationController.m */; };
		9A0F7C9F195A0B9500271D1D /* RZCirclePushAnimationController.m in Sources */ = {isa = PBXBuildFile; fileRef = 9A0F7C83195A0B9500271D1D /* RZCirclePushAnimationController.m */; };
		9A0F7CA0195A0B9500271D1D /* RZRectZoomAnimationController.m in Sources */ = {isa = PBXBuildFile; fileRef = 9A0F7C85195A0B9500271D1D /* RZRectZoomAnimationController.m */; };
		9A0F7CA1195A0B9500271D1D /* RZSegmentControlMoveFadeAnimationController.m in Sources */ = {isa = PBXBuildFile; fileRef = 9A0F7C87195A0B9500271D1D /* RZSegmentControlMoveFadeAnimationController.m */; };
		9A0F7CA2195A0B9500271D1D /* RZShrinkZoomAnimationController.m in Sources */ = {isa = PBXBuildFile; fileRef = 9A0F7C89195A0B9500271D1D /* RZShrinkZoomAnimationController.m */; };
		9A0F7CA3195A0B9500271D1D /* RZZoomAlphaAnimationController.m in Sources */ = {isa = PBXBuildFile; fileRef = 9A0F7C8C195A0B9500271D1D /* RZZoomAlphaAnimationController.m */; };
		9A0F7CA4195A0B9500271D1D /* RZZoomBlurAnimationController.m in Sources */ = {isa = PBXBuildFile; fileRef = 9A0F7C8E195A0B9500271D1D /* RZZoomBlurAnimationController.m */; };
		9A0F7CA5195A0B9500271D1D /* RZZoomPushAnimationController.m in Sources */ = {isa = PBXBuildFile; fileRef = 9A0F7C90195A0B9500271D1D /* RZZoomPushAnimationController.m */; };
		9A0F7CA6195A0B9500271D1D /* UIImage+RZTransitionsFastImageBlur.m in Sources */ = {isa = PBXBuildFile; fileRef = 9A0F7C93195A0B9500271D1D /* UIImage+RZTransitionsFastImageBlur.m */; };
		9A0F7CA7195A0B9500271D1D /* UIImage+RZTransitionsSnapshotHelpers.m in Sources */ = {isa = PBXBuildFile; fileRef = 9A0F7C95195A0B9500271D1D /* UIImage+RZTransitionsSnapshotHelpers.m */; };
		E11760241BFFC16A0071800D /* Launch Screen.xib in Resources */ = {isa = PBXBuildFile; fileRef = E11760221BFFC16A0071800D /* Launch Screen.xib */; };
		E16E52791C0E1864009751AD /* NSObject+RZTransitionsViewHelpers.m in Sources */ = {isa = PBXBuildFile; fileRef = E16E52781C0E1864009751AD /* NSObject+RZTransitionsViewHelpers.m */; };
		E16E527B1C0E18AE009751AD /* NSObject+RZTransitionsViewHelpers.m in Sources */ = {isa = PBXBuildFile; fileRef = E16E52781C0E1864009751AD /* NSObject+RZTransitionsViewHelpers.m */; };
		E18786DA1BFB5FB000E51D79 /* UIColor+Random.swift in Sources */ = {isa = PBXBuildFile; fileRef = E18786D91BFB5FB000E51D79 /* UIColor+Random.swift */; };
		E19CA4AA1BF539F4007F3FF5 /* RZTransitionsDemoAppDelegate.swift in Sources */ = {isa = PBXBuildFile; fileRef = E19CA4A91BF539F4007F3FF5 /* RZTransitionsDemoAppDelegate.swift */; };
		E1A793301BF677BC008D27EE /* RZSimpleViewController.xib in Resources */ = {isa = PBXBuildFile; fileRef = 833E36EC184E5AFF00A0326A /* RZSimpleViewController.xib */; };
		E1A793311BF677BC008D27EE /* RZSimpleColorViewController.xib in Resources */ = {isa = PBXBuildFile; fileRef = 833E3701184E5DB400A0326A /* RZSimpleColorViewController.xib */; };
		E1A793321BF677BC008D27EE /* RZSimpleCollectionViewController.xib in Resources */ = {isa = PBXBuildFile; fileRef = 837D08C11859000F00E20B37 /* RZSimpleCollectionViewController.xib */; };
		E1A793341BF67ABD008D27EE /* RZTransitionsNavigationController.m in Sources */ = {isa = PBXBuildFile; fileRef = 9A0F7C69195A0B9500271D1D /* RZTransitionsNavigationController.m */; };
		E1A793351BF67B0B008D27EE /* RZTransitionsManager.m in Sources */ = {isa = PBXBuildFile; fileRef = 9A0F7C7D195A0B9500271D1D /* RZTransitionsManager.m */; };
		E1A793361BF67B56008D27EE /* RZUniqueTransition.m in Sources */ = {isa = PBXBuildFile; fileRef = 9A0F7C6D195A0B9500271D1D /* RZUniqueTransition.m */; };
		E1A793371BF67C90008D27EE /* Images.xcassets in Resources */ = {isa = PBXBuildFile; fileRef = 833E36BF184E29C300A0326A /* Images.xcassets */; };
		E1A793381BF67CA2008D27EE /* InfoPlist.strings in Resources */ = {isa = PBXBuildFile; fileRef = 833E36B0184E29C300A0326A /* InfoPlist.strings */; };
		E1A793561BF67FA8008D27EE /* RZBaseSwipeInteractionController.m in Sources */ = {isa = PBXBuildFile; fileRef = 9A0F7C70195A0B9500271D1D /* RZBaseSwipeInteractionController.m */; };
		E1A793571BF67FA8008D27EE /* RZHorizontalInteractionController.m in Sources */ = {isa = PBXBuildFile; fileRef = 9A0F7C72195A0B9500271D1D /* RZHorizontalInteractionController.m */; };
		E1A793581BF67FA8008D27EE /* RZOverscrollInteractionController.m in Sources */ = {isa = PBXBuildFile; fileRef = 9A0F7C74195A0B9500271D1D /* RZOverscrollInteractionController.m */; };
		E1A793591BF67FA8008D27EE /* RZPinchInteractionController.m in Sources */ = {isa = PBXBuildFile; fileRef = 9A0F7C76195A0B9500271D1D /* RZPinchInteractionController.m */; };
		E1A7935A1BF67FA8008D27EE /* RZVerticalSwipeInteractionController.m in Sources */ = {isa = PBXBuildFile; fileRef = 9A0F7C7A195A0B9500271D1D /* RZVerticalSwipeInteractionController.m */; };
		E1A7935B1BF67FA8008D27EE /* RZCardSlideAnimationController.m in Sources */ = {isa = PBXBuildFile; fileRef = 9A0F7C81195A0B9500271D1D /* RZCardSlideAnimationController.m */; };
		E1A7935C1BF67FA8008D27EE /* RZCirclePushAnimationController.m in Sources */ = {isa = PBXBuildFile; fileRef = 9A0F7C83195A0B9500271D1D /* RZCirclePushAnimationController.m */; };
		E1A7935D1BF67FA8008D27EE /* RZRectZoomAnimationController.m in Sources */ = {isa = PBXBuildFile; fileRef = 9A0F7C85195A0B9500271D1D /* RZRectZoomAnimationController.m */; };
		E1A7935E1BF67FA8008D27EE /* RZSegmentControlMoveFadeAnimationController.m in Sources */ = {isa = PBXBuildFile; fileRef = 9A0F7C87195A0B9500271D1D /* RZSegmentControlMoveFadeAnimationController.m */; };
		E1A7935F1BF67FA8008D27EE /* RZShrinkZoomAnimationController.m in Sources */ = {isa = PBXBuildFile; fileRef = 9A0F7C89195A0B9500271D1D /* RZShrinkZoomAnimationController.m */; };
		E1A793601BF67FA8008D27EE /* RZZoomAlphaAnimationController.m in Sources */ = {isa = PBXBuildFile; fileRef = 9A0F7C8C195A0B9500271D1D /* RZZoomAlphaAnimationController.m */; };
		E1A793611BF67FA8008D27EE /* RZZoomBlurAnimationController.m in Sources */ = {isa = PBXBuildFile; fileRef = 9A0F7C8E195A0B9500271D1D /* RZZoomBlurAnimationController.m */; };
		E1A793621BF67FA8008D27EE /* RZZoomPushAnimationController.m in Sources */ = {isa = PBXBuildFile; fileRef = 9A0F7C90195A0B9500271D1D /* RZZoomPushAnimationController.m */; };
		E1A793631BF67FA8008D27EE /* UIImage+RZTransitionsFastImageBlur.m in Sources */ = {isa = PBXBuildFile; fileRef = 9A0F7C93195A0B9500271D1D /* UIImage+RZTransitionsFastImageBlur.m */; };
		E1A793641BF67FA8008D27EE /* UIImage+RZTransitionsSnapshotHelpers.m in Sources */ = {isa = PBXBuildFile; fileRef = 9A0F7C95195A0B9500271D1D /* UIImage+RZTransitionsSnapshotHelpers.m */; };
		E1A793681BF6833E008D27EE /* RZSimpleViewController.swift in Sources */ = {isa = PBXBuildFile; fileRef = E1E74E611BF649B400C00BD2 /* RZSimpleViewController.swift */; };
		E1C37BB41C04FE9E00F2B87D /* LICENSE in Resources */ = {isa = PBXBuildFile; fileRef = E1C37BB21C04FE9E00F2B87D /* LICENSE */; };
		E1C37BB81C04FF3200F2B87D /* ReadMeSnippets.swift in Sources */ = {isa = PBXBuildFile; fileRef = E1C37BB61C04FEBD00F2B87D /* ReadMeSnippets.swift */; };
		E1C37BBA1C04FFB000F2B87D /* ReadMeSnippets.m in Sources */ = {isa = PBXBuildFile; fileRef = E1C37BB91C04FFB000F2B87D /* ReadMeSnippets.m */; };
		E1EA18F31BFA923600F471EC /* RZSimpleColorViewController.swift in Sources */ = {isa = PBXBuildFile; fileRef = E1EA18F21BFA923600F471EC /* RZSimpleColorViewController.swift */; };
		E1EA18F51BFABA4800F471EC /* Default-568h@2x.png in Resources */ = {isa = PBXBuildFile; fileRef = E1EA18F41BFABA4800F471EC /* Default-568h@2x.png */; };
		E1EA18F71BFABD7400F471EC /* RZSimpleCollectionViewController.swift in Sources */ = {isa = PBXBuildFile; fileRef = E1EA18F61BFABD7400F471EC /* RZSimpleCollectionViewController.swift */; };
/* End PBXBuildFile section */

/* Begin PBXContainerItemProxy section */
		833E36CA184E29C300A0326A /* PBXContainerItemProxy */ = {
			isa = PBXContainerItemProxy;
			containerPortal = 833E369C184E29C300A0326A /* Project object */;
			proxyType = 1;
			remoteGlobalIDString = 833E36A3184E29C300A0326A;
			remoteInfo = "RZTransitions-Demo";
		};
/* End PBXContainerItemProxy section */

/* Begin PBXFileReference section */
		1AFF28BF77D4456B8788B566 /* libPods.a */ = {isa = PBXFileReference; explicitFileType = archive.ar; includeInIndex = 0; path = libPods.a; sourceTree = BUILT_PRODUCTS_DIR; };
		833E36A4184E29C300A0326A /* RZTransitions-Demo.app */ = {isa = PBXFileReference; explicitFileType = wrapper.application; includeInIndex = 0; path = "RZTransitions-Demo.app"; sourceTree = BUILT_PRODUCTS_DIR; };
		833E36A7184E29C300A0326A /* Foundation.framework */ = {isa = PBXFileReference; lastKnownFileType = wrapper.framework; name = Foundation.framework; path = System/Library/Frameworks/Foundation.framework; sourceTree = SDKROOT; };
		833E36A9184E29C300A0326A /* CoreGraphics.framework */ = {isa = PBXFileReference; lastKnownFileType = wrapper.framework; name = CoreGraphics.framework; path = System/Library/Frameworks/CoreGraphics.framework; sourceTree = SDKROOT; };
		833E36AB184E29C300A0326A /* UIKit.framework */ = {isa = PBXFileReference; lastKnownFileType = wrapper.framework; name = UIKit.framework; path = System/Library/Frameworks/UIKit.framework; sourceTree = SDKROOT; };
		833E36AF184E29C300A0326A /* RZTransitions-Demo-Info.plist */ = {isa = PBXFileReference; lastKnownFileType = text.plist.xml; path = "RZTransitions-Demo-Info.plist"; sourceTree = "<group>"; };
		833E36B1184E29C300A0326A /* en */ = {isa = PBXFileReference; lastKnownFileType = text.plist.strings; name = en; path = en.lproj/InfoPlist.strings; sourceTree = "<group>"; };
		833E36B3184E29C300A0326A /* main.m */ = {isa = PBXFileReference; lastKnownFileType = sourcecode.c.objc; path = main.m; sourceTree = "<group>"; };
		833E36B5184E29C300A0326A /* RZTransitions-Demo-Prefix.pch */ = {isa = PBXFileReference; lastKnownFileType = sourcecode.c.h; path = "RZTransitions-Demo-Prefix.pch"; sourceTree = "<group>"; };
		833E36BF184E29C300A0326A /* Images.xcassets */ = {isa = PBXFileReference; lastKnownFileType = folder.assetcatalog; path = Images.xcassets; sourceTree = "<group>"; };
		833E36C5184E29C300A0326A /* RZTransitions-DemoTests.xctest */ = {isa = PBXFileReference; explicitFileType = wrapper.cfbundle; includeInIndex = 0; path = "RZTransitions-DemoTests.xctest"; sourceTree = BUILT_PRODUCTS_DIR; };
		833E36C6184E29C300A0326A /* XCTest.framework */ = {isa = PBXFileReference; lastKnownFileType = wrapper.framework; name = XCTest.framework; path = Library/Frameworks/XCTest.framework; sourceTree = DEVELOPER_DIR; };
		833E36CE184E29C300A0326A /* RZTransitions-DemoTests-Info.plist */ = {isa = PBXFileReference; lastKnownFileType = text.plist.xml; path = "RZTransitions-DemoTests-Info.plist"; sourceTree = "<group>"; };
		833E36D0184E29C300A0326A /* en */ = {isa = PBXFileReference; lastKnownFileType = text.plist.strings; name = en; path = en.lproj/InfoPlist.strings; sourceTree = "<group>"; };
		833E36D2184E29C300A0326A /* RZTransitions_DemoTests.m */ = {isa = PBXFileReference; lastKnownFileType = sourcecode.c.objc; path = RZTransitions_DemoTests.m; sourceTree = "<group>"; };
		833E36E7184E5A9A00A0326A /* RZTransitionsDemoAppDelegate.h */ = {isa = PBXFileReference; fileEncoding = 4; lastKnownFileType = sourcecode.c.h; path = RZTransitionsDemoAppDelegate.h; sourceTree = "<group>"; };
		833E36E8184E5A9A00A0326A /* RZTransitionsDemoAppDelegate.m */ = {isa = PBXFileReference; fileEncoding = 4; lastKnownFileType = sourcecode.c.objc; path = RZTransitionsDemoAppDelegate.m; sourceTree = "<group>"; };
		833E36EA184E5AFF00A0326A /* RZSimpleViewController.h */ = {isa = PBXFileReference; fileEncoding = 4; lastKnownFileType = sourcecode.c.h; path = RZSimpleViewController.h; sourceTree = "<group>"; };
		833E36EB184E5AFF00A0326A /* RZSimpleViewController.m */ = {isa = PBXFileReference; fileEncoding = 4; lastKnownFileType = sourcecode.c.objc; path = RZSimpleViewController.m; sourceTree = "<group>"; };
		833E36EC184E5AFF00A0326A /* RZSimpleViewController.xib */ = {isa = PBXFileReference; fileEncoding = 4; lastKnownFileType = file.xib; path = RZSimpleViewController.xib; sourceTree = "<group>"; };
		833E36FF184E5DB400A0326A /* RZSimpleColorViewController.h */ = {isa = PBXFileReference; fileEncoding = 4; lastKnownFileType = sourcecode.c.h; path = RZSimpleColorViewController.h; sourceTree = "<group>"; };
		833E3700184E5DB400A0326A /* RZSimpleColorViewController.m */ = {isa = PBXFileReference; fileEncoding = 4; lastKnownFileType = sourcecode.c.objc; path = RZSimpleColorViewController.m; sourceTree = "<group>"; };
		833E3701184E5DB400A0326A /* RZSimpleColorViewController.xib */ = {isa = PBXFileReference; fileEncoding = 4; lastKnownFileType = file.xib; path = RZSimpleColorViewController.xib; sourceTree = "<group>"; };
		837D08BF1859000F00E20B37 /* RZSimpleCollectionViewController.h */ = {isa = PBXFileReference; fileEncoding = 4; lastKnownFileType = sourcecode.c.h; path = RZSimpleCollectionViewController.h; sourceTree = "<group>"; };
		837D08C01859000F00E20B37 /* RZSimpleCollectionViewController.m */ = {isa = PBXFileReference; fileEncoding = 4; lastKnownFileType = sourcecode.c.objc; path = RZSimpleCollectionViewController.m; sourceTree = "<group>"; };
		837D08C11859000F00E20B37 /* RZSimpleCollectionViewController.xib */ = {isa = PBXFileReference; fileEncoding = 4; lastKnownFileType = file.xib; path = RZSimpleCollectionViewController.xib; sourceTree = "<group>"; };
		83855D08185F98E3004DB036 /* UIColor+Random.h */ = {isa = PBXFileReference; fileEncoding = 4; lastKnownFileType = sourcecode.c.h; path = "UIColor+Random.h"; sourceTree = "<group>"; };
		83855D09185F98E3004DB036 /* UIColor+Random.m */ = {isa = PBXFileReference; fileEncoding = 4; lastKnownFileType = sourcecode.c.objc; path = "UIColor+Random.m"; sourceTree = "<group>"; };
		9A0F7C68195A0B9500271D1D /* RZTransitionsNavigationController.h */ = {isa = PBXFileReference; fileEncoding = 4; lastKnownFileType = sourcecode.c.h; path = RZTransitionsNavigationController.h; sourceTree = "<group>"; };
		9A0F7C69195A0B9500271D1D /* RZTransitionsNavigationController.m */ = {isa = PBXFileReference; fileEncoding = 4; lastKnownFileType = sourcecode.c.objc; path = RZTransitionsNavigationController.m; sourceTree = "<group>"; };
		9A0F7C6B195A0B9500271D1D /* RZTransitionAction.h */ = {isa = PBXFileReference; fileEncoding = 4; lastKnownFileType = sourcecode.c.h; path = RZTransitionAction.h; sourceTree = "<group>"; };
		9A0F7C6C195A0B9500271D1D /* RZUniqueTransition.h */ = {isa = PBXFileReference; fileEncoding = 4; lastKnownFileType = sourcecode.c.h; path = RZUniqueTransition.h; sourceTree = "<group>"; };
		9A0F7C6D195A0B9500271D1D /* RZUniqueTransition.m */ = {isa = PBXFileReference; fileEncoding = 4; lastKnownFileType = sourcecode.c.objc; path = RZUniqueTransition.m; sourceTree = "<group>"; };
		9A0F7C6F195A0B9500271D1D /* RZBaseSwipeInteractionController.h */ = {isa = PBXFileReference; fileEncoding = 4; lastKnownFileType = sourcecode.c.h; path = RZBaseSwipeInteractionController.h; sourceTree = "<group>"; };
		9A0F7C70195A0B9500271D1D /* RZBaseSwipeInteractionController.m */ = {isa = PBXFileReference; fileEncoding = 4; lastKnownFileType = sourcecode.c.objc; path = RZBaseSwipeInteractionController.m; sourceTree = "<group>"; };
		9A0F7C71195A0B9500271D1D /* RZHorizontalInteractionController.h */ = {isa = PBXFileReference; fileEncoding = 4; lastKnownFileType = sourcecode.c.h; path = RZHorizontalInteractionController.h; sourceTree = "<group>"; };
		9A0F7C72195A0B9500271D1D /* RZHorizontalInteractionController.m */ = {isa = PBXFileReference; fileEncoding = 4; lastKnownFileType = sourcecode.c.objc; path = RZHorizontalInteractionController.m; sourceTree = "<group>"; };
		9A0F7C73195A0B9500271D1D /* RZOverscrollInteractionController.h */ = {isa = PBXFileReference; fileEncoding = 4; lastKnownFileType = sourcecode.c.h; path = RZOverscrollInteractionController.h; sourceTree = "<group>"; };
		9A0F7C74195A0B9500271D1D /* RZOverscrollInteractionController.m */ = {isa = PBXFileReference; fileEncoding = 4; lastKnownFileType = sourcecode.c.objc; path = RZOverscrollInteractionController.m; sourceTree = "<group>"; };
		9A0F7C75195A0B9500271D1D /* RZPinchInteractionController.h */ = {isa = PBXFileReference; fileEncoding = 4; lastKnownFileType = sourcecode.c.h; path = RZPinchInteractionController.h; sourceTree = "<group>"; };
		9A0F7C76195A0B9500271D1D /* RZPinchInteractionController.m */ = {isa = PBXFileReference; fileEncoding = 4; lastKnownFileType = sourcecode.c.objc; path = RZPinchInteractionController.m; sourceTree = "<group>"; };
		9A0F7C77195A0B9500271D1D /* RZTransitionInteractionControllerProtocol.h */ = {isa = PBXFileReference; fileEncoding = 4; lastKnownFileType = sourcecode.c.h; path = RZTransitionInteractionControllerProtocol.h; sourceTree = "<group>"; };
		9A0F7C78195A0B9500271D1D /* RZTransitionsInteractionControllers.h */ = {isa = PBXFileReference; fileEncoding = 4; lastKnownFileType = sourcecode.c.h; path = RZTransitionsInteractionControllers.h; sourceTree = "<group>"; };
		9A0F7C79195A0B9500271D1D /* RZVerticalSwipeInteractionController.h */ = {isa = PBXFileReference; fileEncoding = 4; lastKnownFileType = sourcecode.c.h; path = RZVerticalSwipeInteractionController.h; sourceTree = "<group>"; };
		9A0F7C7A195A0B9500271D1D /* RZVerticalSwipeInteractionController.m */ = {isa = PBXFileReference; fileEncoding = 4; lastKnownFileType = sourcecode.c.objc; path = RZVerticalSwipeInteractionController.m; sourceTree = "<group>"; };
		9A0F7C7C195A0B9500271D1D /* RZTransitionsManager.h */ = {isa = PBXFileReference; fileEncoding = 4; lastKnownFileType = sourcecode.c.h; path = RZTransitionsManager.h; sourceTree = "<group>"; };
		9A0F7C7D195A0B9500271D1D /* RZTransitionsManager.m */ = {isa = PBXFileReference; fileEncoding = 4; lastKnownFileType = sourcecode.c.objc; path = RZTransitionsManager.m; sourceTree = "<group>"; };
		9A0F7C7F195A0B9500271D1D /* RZAnimationControllerProtocol.h */ = {isa = PBXFileReference; fileEncoding = 4; lastKnownFileType = sourcecode.c.h; path = RZAnimationControllerProtocol.h; sourceTree = "<group>"; };
		9A0F7C80195A0B9500271D1D /* RZCardSlideAnimationController.h */ = {isa = PBXFileReference; fileEncoding = 4; lastKnownFileType = sourcecode.c.h; path = RZCardSlideAnimationController.h; sourceTree = "<group>"; };
		9A0F7C81195A0B9500271D1D /* RZCardSlideAnimationController.m */ = {isa = PBXFileReference; fileEncoding = 4; lastKnownFileType = sourcecode.c.objc; lineEnding = 0; path = RZCardSlideAnimationController.m; sourceTree = "<group>"; xcLanguageSpecificationIdentifier = xcode.lang.objc; };
		9A0F7C82195A0B9500271D1D /* RZCirclePushAnimationController.h */ = {isa = PBXFileReference; fileEncoding = 4; lastKnownFileType = sourcecode.c.h; path = RZCirclePushAnimationController.h; sourceTree = "<group>"; };
		9A0F7C83195A0B9500271D1D /* RZCirclePushAnimationController.m */ = {isa = PBXFileReference; fileEncoding = 4; lastKnownFileType = sourcecode.c.objc; lineEnding = 0; path = RZCirclePushAnimationController.m; sourceTree = "<group>"; xcLanguageSpecificationIdentifier = xcode.lang.objc; };
		9A0F7C84195A0B9500271D1D /* RZRectZoomAnimationController.h */ = {isa = PBXFileReference; fileEncoding = 4; lastKnownFileType = sourcecode.c.h; path = RZRectZoomAnimationController.h; sourceTree = "<group>"; };
		9A0F7C85195A0B9500271D1D /* RZRectZoomAnimationController.m */ = {isa = PBXFileReference; fileEncoding = 4; lastKnownFileType = sourcecode.c.objc; path = RZRectZoomAnimationController.m; sourceTree = "<group>"; };
		9A0F7C86195A0B9500271D1D /* RZSegmentControlMoveFadeAnimationController.h */ = {isa = PBXFileReference; fileEncoding = 4; lastKnownFileType = sourcecode.c.h; path = RZSegmentControlMoveFadeAnimationController.h; sourceTree = "<group>"; };
		9A0F7C87195A0B9500271D1D /* RZSegmentControlMoveFadeAnimationController.m */ = {isa = PBXFileReference; fileEncoding = 4; lastKnownFileType = sourcecode.c.objc; lineEnding = 0; path = RZSegmentControlMoveFadeAnimationController.m; sourceTree = "<group>"; xcLanguageSpecificationIdentifier = xcode.lang.objc; };
		9A0F7C88195A0B9500271D1D /* RZShrinkZoomAnimationController.h */ = {isa = PBXFileReference; fileEncoding = 4; lastKnownFileType = sourcecode.c.h; path = RZShrinkZoomAnimationController.h; sourceTree = "<group>"; };
		9A0F7C89195A0B9500271D1D /* RZShrinkZoomAnimationController.m */ = {isa = PBXFileReference; fileEncoding = 4; lastKnownFileType = sourcecode.c.objc; lineEnding = 0; path = RZShrinkZoomAnimationController.m; sourceTree = "<group>"; xcLanguageSpecificationIdentifier = xcode.lang.objc; };
		9A0F7C8A195A0B9500271D1D /* RZTransitionsAnimationControllers.h */ = {isa = PBXFileReference; fileEncoding = 4; lastKnownFileType = sourcecode.c.h; path = RZTransitionsAnimationControllers.h; sourceTree = "<group>"; };
		9A0F7C8B195A0B9500271D1D /* RZZoomAlphaAnimationController.h */ = {isa = PBXFileReference; fileEncoding = 4; lastKnownFileType = sourcecode.c.h; path = RZZoomAlphaAnimationController.h; sourceTree = "<group>"; };
		9A0F7C8C195A0B9500271D1D /* RZZoomAlphaAnimationController.m */ = {isa = PBXFileReference; fileEncoding = 4; lastKnownFileType = sourcecode.c.objc; lineEnding = 0; path = RZZoomAlphaAnimationController.m; sourceTree = "<group>"; xcLanguageSpecificationIdentifier = xcode.lang.objc; };
		9A0F7C8D195A0B9500271D1D /* RZZoomBlurAnimationController.h */ = {isa = PBXFileReference; fileEncoding = 4; lastKnownFileType = sourcecode.c.h; path = RZZoomBlurAnimationController.h; sourceTree = "<group>"; };
		9A0F7C8E195A0B9500271D1D /* RZZoomBlurAnimationController.m */ = {isa = PBXFileReference; fileEncoding = 4; lastKnownFileType = sourcecode.c.objc; path = RZZoomBlurAnimationController.m; sourceTree = "<group>"; };
		9A0F7C8F195A0B9500271D1D /* RZZoomPushAnimationController.h */ = {isa = PBXFileReference; fileEncoding = 4; lastKnownFileType = sourcecode.c.h; path = RZZoomPushAnimationController.h; sourceTree = "<group>"; };
		9A0F7C90195A0B9500271D1D /* RZZoomPushAnimationController.m */ = {isa = PBXFileReference; fileEncoding = 4; lastKnownFileType = sourcecode.c.objc; path = RZZoomPushAnimationController.m; sourceTree = "<group>"; };
		9A0F7C92195A0B9500271D1D /* UIImage+RZTransitionsFastImageBlur.h */ = {isa = PBXFileReference; fileEncoding = 4; lastKnownFileType = sourcecode.c.h; path = "UIImage+RZTransitionsFastImageBlur.h"; sourceTree = "<group>"; };
		9A0F7C93195A0B9500271D1D /* UIImage+RZTransitionsFastImageBlur.m */ = {isa = PBXFileReference; fileEncoding = 4; lastKnownFileType = sourcecode.c.objc; path = "UIImage+RZTransitionsFastImageBlur.m"; sourceTree = "<group>"; };
		9A0F7C94195A0B9500271D1D /* UIImage+RZTransitionsSnapshotHelpers.h */ = {isa = PBXFileReference; fileEncoding = 4; lastKnownFileType = sourcecode.c.h; path = "UIImage+RZTransitionsSnapshotHelpers.h"; sourceTree = "<group>"; };
		9A0F7C95195A0B9500271D1D /* UIImage+RZTransitionsSnapshotHelpers.m */ = {isa = PBXFileReference; fileEncoding = 4; lastKnownFileType = sourcecode.c.objc; path = "UIImage+RZTransitionsSnapshotHelpers.m"; sourceTree = "<group>"; };
		E11760231BFFC16A0071800D /* en */ = {isa = PBXFileReference; lastKnownFileType = file.xib; name = en; path = "en.lproj/Launch Screen.xib"; sourceTree = "<group>"; };
		E16E52771C0E1864009751AD /* NSObject+RZTransitionsViewHelpers.h */ = {isa = PBXFileReference; fileEncoding = 4; lastKnownFileType = sourcecode.c.h; path = "NSObject+RZTransitionsViewHelpers.h"; sourceTree = "<group>"; };
		E16E52781C0E1864009751AD /* NSObject+RZTransitionsViewHelpers.m */ = {isa = PBXFileReference; fileEncoding = 4; lastKnownFileType = sourcecode.c.objc; path = "NSObject+RZTransitionsViewHelpers.m"; sourceTree = "<group>"; };
		E18786D91BFB5FB000E51D79 /* UIColor+Random.swift */ = {isa = PBXFileReference; fileEncoding = 4; lastKnownFileType = sourcecode.swift; path = "UIColor+Random.swift"; sourceTree = "<group>"; };
		E19CA4971BF5391A007F3FF5 /* RZTransitions-Demo-Swift.app */ = {isa = PBXFileReference; explicitFileType = wrapper.application; includeInIndex = 0; path = "RZTransitions-Demo-Swift.app"; sourceTree = BUILT_PRODUCTS_DIR; };
		E19CA4A91BF539F4007F3FF5 /* RZTransitionsDemoAppDelegate.swift */ = {isa = PBXFileReference; fileEncoding = 4; lastKnownFileType = sourcecode.swift; path = RZTransitionsDemoAppDelegate.swift; sourceTree = "<group>"; };
		E1A7932F1BF65348008D27EE /* RZTransitions.h */ = {isa = PBXFileReference; lastKnownFileType = sourcecode.c.h; path = RZTransitions.h; sourceTree = "<group>"; };
		E1C37BB21C04FE9E00F2B87D /* LICENSE */ = {isa = PBXFileReference; fileEncoding = 4; lastKnownFileType = text; name = LICENSE; path = ../LICENSE; sourceTree = "<group>"; };
		E1C37BB31C04FE9E00F2B87D /* README.md */ = {isa = PBXFileReference; fileEncoding = 4; lastKnownFileType = net.daringfireball.markdown; name = README.md; path = ../README.md; sourceTree = "<group>"; };
		E1C37BB61C04FEBD00F2B87D /* ReadMeSnippets.swift */ = {isa = PBXFileReference; fileEncoding = 4; lastKnownFileType = sourcecode.swift; path = ReadMeSnippets.swift; sourceTree = "<group>"; };
		E1C37BB91C04FFB000F2B87D /* ReadMeSnippets.m */ = {isa = PBXFileReference; fileEncoding = 4; lastKnownFileType = sourcecode.c.objc; path = ReadMeSnippets.m; sourceTree = "<group>"; };
		E1C37BBB1C0507E700F2B87D /* Bridging-Header.h */ = {isa = PBXFileReference; fileEncoding = 4; lastKnownFileType = sourcecode.c.h; path = "Bridging-Header.h"; sourceTree = "<group>"; };
		E1E74E611BF649B400C00BD2 /* RZSimpleViewController.swift */ = {isa = PBXFileReference; fileEncoding = 4; lastKnownFileType = sourcecode.swift; path = RZSimpleViewController.swift; sourceTree = "<group>"; };
		E1EA18F21BFA923600F471EC /* RZSimpleColorViewController.swift */ = {isa = PBXFileReference; fileEncoding = 4; lastKnownFileType = sourcecode.swift; path = RZSimpleColorViewController.swift; sourceTree = "<group>"; };
		E1EA18F41BFABA4800F471EC /* Default-568h@2x.png */ = {isa = PBXFileReference; lastKnownFileType = image.png; path = "Default-568h@2x.png"; sourceTree = "<group>"; };
		E1EA18F61BFABD7400F471EC /* RZSimpleCollectionViewController.swift */ = {isa = PBXFileReference; fileEncoding = 4; lastKnownFileType = sourcecode.swift; path = RZSimpleCollectionViewController.swift; sourceTree = "<group>"; };
/* End PBXFileReference section */

/* Begin PBXFrameworksBuildPhase section */
		833E36A1184E29C300A0326A /* Frameworks */ = {
			isa = PBXFrameworksBuildPhase;
			buildActionMask = 2147483647;
			files = (
				833E36AA184E29C300A0326A /* CoreGraphics.framework in Frameworks */,
				833E36AC184E29C300A0326A /* UIKit.framework in Frameworks */,
				833E36A8184E29C300A0326A /* Foundation.framework in Frameworks */,
			);
			runOnlyForDeploymentPostprocessing = 0;
		};
		833E36C2184E29C300A0326A /* Frameworks */ = {
			isa = PBXFrameworksBuildPhase;
			buildActionMask = 2147483647;
			files = (
				833E36C7184E29C300A0326A /* XCTest.framework in Frameworks */,
				833E36C9184E29C300A0326A /* UIKit.framework in Frameworks */,
				833E36C8184E29C300A0326A /* Foundation.framework in Frameworks */,
			);
			runOnlyForDeploymentPostprocessing = 0;
		};
		E19CA4941BF5391A007F3FF5 /* Frameworks */ = {
			isa = PBXFrameworksBuildPhase;
			buildActionMask = 2147483647;
			files = (
			);
			runOnlyForDeploymentPostprocessing = 0;
		};
/* End PBXFrameworksBuildPhase section */

/* Begin PBXGroup section */
		833E369B184E29C300A0326A = {
			isa = PBXGroup;
			children = (
				E1C37BB11C04FE7F00F2B87D /* Documentation */,
				E1EA18F41BFABA4800F471EC /* Default-568h@2x.png */,
				9A0F7C66195A0B9500271D1D /* RZTransitions */,
				833E36AD184E29C300A0326A /* RZTransitions-Demo */,
				833E36CC184E29C300A0326A /* RZTransitions-DemoTests */,
				833E36A6184E29C300A0326A /* Frameworks */,
				833E36A5184E29C300A0326A /* Products */,
			);
			sourceTree = "<group>";
		};
		833E36A5184E29C300A0326A /* Products */ = {
			isa = PBXGroup;
			children = (
				833E36A4184E29C300A0326A /* RZTransitions-Demo.app */,
				833E36C5184E29C300A0326A /* RZTransitions-DemoTests.xctest */,
				E19CA4971BF5391A007F3FF5 /* RZTransitions-Demo-Swift.app */,
			);
			name = Products;
			sourceTree = "<group>";
		};
		833E36A6184E29C300A0326A /* Frameworks */ = {
			isa = PBXGroup;
			children = (
				833E36A7184E29C300A0326A /* Foundation.framework */,
				833E36A9184E29C300A0326A /* CoreGraphics.framework */,
				833E36AB184E29C300A0326A /* UIKit.framework */,
				833E36C6184E29C300A0326A /* XCTest.framework */,
				1AFF28BF77D4456B8788B566 /* libPods.a */,
			);
			name = Frameworks;
			sourceTree = "<group>";
		};
		833E36AD184E29C300A0326A /* RZTransitions-Demo */ = {
			isa = PBXGroup;
			children = (
				833E36E2184E5A0C00A0326A /* Application */,
				833E36E5184E5A0C00A0326A /* ViewControllers */,
				833E36BF184E29C300A0326A /* Images.xcassets */,
				83855D07185F98C4004DB036 /* Utilities */,
				833E36AE184E29C300A0326A /* Supporting Files */,
			);
			path = "RZTransitions-Demo";
			sourceTree = "<group>";
		};
		833E36AE184E29C300A0326A /* Supporting Files */ = {
			isa = PBXGroup;
			children = (
				833E36AF184E29C300A0326A /* RZTransitions-Demo-Info.plist */,
				833E36B0184E29C300A0326A /* InfoPlist.strings */,
				833E36B3184E29C300A0326A /* main.m */,
				833E36B5184E29C300A0326A /* RZTransitions-Demo-Prefix.pch */,
				E11760221BFFC16A0071800D /* Launch Screen.xib */,
				E1C37BBB1C0507E700F2B87D /* Bridging-Header.h */,
			);
			name = "Supporting Files";
			sourceTree = "<group>";
		};
		833E36CC184E29C300A0326A /* RZTransitions-DemoTests */ = {
			isa = PBXGroup;
			children = (
				833E36D2184E29C300A0326A /* RZTransitions_DemoTests.m */,
				833E36CD184E29C300A0326A /* Supporting Files */,
			);
			path = "RZTransitions-DemoTests";
			sourceTree = "<group>";
		};
		833E36CD184E29C300A0326A /* Supporting Files */ = {
			isa = PBXGroup;
			children = (
				833E36CE184E29C300A0326A /* RZTransitions-DemoTests-Info.plist */,
				833E36CF184E29C300A0326A /* InfoPlist.strings */,
			);
			name = "Supporting Files";
			sourceTree = "<group>";
		};
		833E36E2184E5A0C00A0326A /* Application */ = {
			isa = PBXGroup;
			children = (
				833E36E7184E5A9A00A0326A /* RZTransitionsDemoAppDelegate.h */,
				833E36E8184E5A9A00A0326A /* RZTransitionsDemoAppDelegate.m */,
				E19CA4A91BF539F4007F3FF5 /* RZTransitionsDemoAppDelegate.swift */,
			);
			path = Application;
			sourceTree = "<group>";
		};
		833E36E5184E5A0C00A0326A /* ViewControllers */ = {
			isa = PBXGroup;
			children = (
				E1A39664194F571C0034A158 /* Simple View Controller */,
				E1A39665194F57270034A158 /* Simple Color View Controller */,
				E1A39666194F572F0034A158 /* Simple Collection View Controller */,
			);
			path = ViewControllers;
			sourceTree = "<group>";
		};
		83855D07185F98C4004DB036 /* Utilities */ = {
			isa = PBXGroup;
			children = (
				83855D08185F98E3004DB036 /* UIColor+Random.h */,
				83855D09185F98E3004DB036 /* UIColor+Random.m */,
				E18786D91BFB5FB000E51D79 /* UIColor+Random.swift */,
			);
			name = Utilities;
			path = "RZTransitions-Demo/Utilities";
			sourceTree = SOURCE_ROOT;
		};
		9A0F7C66195A0B9500271D1D /* RZTransitions */ = {
			isa = PBXGroup;
			children = (
				E1A7932F1BF65348008D27EE /* RZTransitions.h */,
				9A0F7C67195A0B9500271D1D /* Components */,
				9A0F7C6A195A0B9500271D1D /* Data */,
				9A0F7C6E195A0B9500271D1D /* Interactors */,
				9A0F7C7B195A0B9500271D1D /* Managers */,
				9A0F7C7E195A0B9500271D1D /* Transitions */,
				9A0F7C91195A0B9500271D1D /* Utilities */,
			);
			name = RZTransitions;
			path = ../RZTransitions;
			sourceTree = "<group>";
		};
		9A0F7C67195A0B9500271D1D /* Components */ = {
			isa = PBXGroup;
			children = (
				9A0F7C68195A0B9500271D1D /* RZTransitionsNavigationController.h */,
				9A0F7C69195A0B9500271D1D /* RZTransitionsNavigationController.m */,
			);
			path = Components;
			sourceTree = "<group>";
		};
		9A0F7C6A195A0B9500271D1D /* Data */ = {
			isa = PBXGroup;
			children = (
				9A0F7C6B195A0B9500271D1D /* RZTransitionAction.h */,
				9A0F7C6C195A0B9500271D1D /* RZUniqueTransition.h */,
				9A0F7C6D195A0B9500271D1D /* RZUniqueTransition.m */,
			);
			path = Data;
			sourceTree = "<group>";
		};
		9A0F7C6E195A0B9500271D1D /* Interactors */ = {
			isa = PBXGroup;
			children = (
				9A0F7C6F195A0B9500271D1D /* RZBaseSwipeInteractionController.h */,
				9A0F7C70195A0B9500271D1D /* RZBaseSwipeInteractionController.m */,
				9A0F7C71195A0B9500271D1D /* RZHorizontalInteractionController.h */,
				9A0F7C72195A0B9500271D1D /* RZHorizontalInteractionController.m */,
				9A0F7C73195A0B9500271D1D /* RZOverscrollInteractionController.h */,
				9A0F7C74195A0B9500271D1D /* RZOverscrollInteractionController.m */,
				9A0F7C75195A0B9500271D1D /* RZPinchInteractionController.h */,
				9A0F7C76195A0B9500271D1D /* RZPinchInteractionController.m */,
				9A0F7C77195A0B9500271D1D /* RZTransitionInteractionControllerProtocol.h */,
				9A0F7C78195A0B9500271D1D /* RZTransitionsInteractionControllers.h */,
				9A0F7C79195A0B9500271D1D /* RZVerticalSwipeInteractionController.h */,
				9A0F7C7A195A0B9500271D1D /* RZVerticalSwipeInteractionController.m */,
			);
			path = Interactors;
			sourceTree = "<group>";
		};
		9A0F7C7B195A0B9500271D1D /* Managers */ = {
			isa = PBXGroup;
			children = (
				9A0F7C7C195A0B9500271D1D /* RZTransitionsManager.h */,
				9A0F7C7D195A0B9500271D1D /* RZTransitionsManager.m */,
			);
			path = Managers;
			sourceTree = "<group>";
		};
		9A0F7C7E195A0B9500271D1D /* Transitions */ = {
			isa = PBXGroup;
			children = (
				9A0F7C7F195A0B9500271D1D /* RZAnimationControllerProtocol.h */,
				9A0F7C80195A0B9500271D1D /* RZCardSlideAnimationController.h */,
				9A0F7C81195A0B9500271D1D /* RZCardSlideAnimationController.m */,
				9A0F7C82195A0B9500271D1D /* RZCirclePushAnimationController.h */,
				9A0F7C83195A0B9500271D1D /* RZCirclePushAnimationController.m */,
				9A0F7C84195A0B9500271D1D /* RZRectZoomAnimationController.h */,
				9A0F7C85195A0B9500271D1D /* RZRectZoomAnimationController.m */,
				9A0F7C86195A0B9500271D1D /* RZSegmentControlMoveFadeAnimationController.h */,
				9A0F7C87195A0B9500271D1D /* RZSegmentControlMoveFadeAnimationController.m */,
				9A0F7C88195A0B9500271D1D /* RZShrinkZoomAnimationController.h */,
				9A0F7C89195A0B9500271D1D /* RZShrinkZoomAnimationController.m */,
				9A0F7C8A195A0B9500271D1D /* RZTransitionsAnimationControllers.h */,
				9A0F7C8B195A0B9500271D1D /* RZZoomAlphaAnimationController.h */,
				9A0F7C8C195A0B9500271D1D /* RZZoomAlphaAnimationController.m */,
				9A0F7C8D195A0B9500271D1D /* RZZoomBlurAnimationController.h */,
				9A0F7C8E195A0B9500271D1D /* RZZoomBlurAnimationController.m */,
				9A0F7C8F195A0B9500271D1D /* RZZoomPushAnimationController.h */,
				9A0F7C90195A0B9500271D1D /* RZZoomPushAnimationController.m */,
			);
			path = Transitions;
			sourceTree = "<group>";
		};
		9A0F7C91195A0B9500271D1D /* Utilities */ = {
			isa = PBXGroup;
			children = (
				E16E52771C0E1864009751AD /* NSObject+RZTransitionsViewHelpers.h */,
				E16E52781C0E1864009751AD /* NSObject+RZTransitionsViewHelpers.m */,
				9A0F7C92195A0B9500271D1D /* UIImage+RZTransitionsFastImageBlur.h */,
				9A0F7C93195A0B9500271D1D /* UIImage+RZTransitionsFastImageBlur.m */,
				9A0F7C94195A0B9500271D1D /* UIImage+RZTransitionsSnapshotHelpers.h */,
				9A0F7C95195A0B9500271D1D /* UIImage+RZTransitionsSnapshotHelpers.m */,
			);
			path = Utilities;
			sourceTree = "<group>";
		};
		E1A39664194F571C0034A158 /* Simple View Controller */ = {
			isa = PBXGroup;
			children = (
				833E36EA184E5AFF00A0326A /* RZSimpleViewController.h */,
				833E36EB184E5AFF00A0326A /* RZSimpleViewController.m */,
				E1E74E611BF649B400C00BD2 /* RZSimpleViewController.swift */,
				833E36EC184E5AFF00A0326A /* RZSimpleViewController.xib */,
			);
			name = "Simple View Controller";
			sourceTree = "<group>";
		};
		E1A39665194F57270034A158 /* Simple Color View Controller */ = {
			isa = PBXGroup;
			children = (
				833E36FF184E5DB400A0326A /* RZSimpleColorViewController.h */,
				833E3700184E5DB400A0326A /* RZSimpleColorViewController.m */,
				E1EA18F21BFA923600F471EC /* RZSimpleColorViewController.swift */,
				833E3701184E5DB400A0326A /* RZSimpleColorViewController.xib */,
			);
			name = "Simple Color View Controller";
			sourceTree = "<group>";
		};
		E1A39666194F572F0034A158 /* Simple Collection View Controller */ = {
			isa = PBXGroup;
			children = (
				837D08BF1859000F00E20B37 /* RZSimpleCollectionViewController.h */,
				837D08C01859000F00E20B37 /* RZSimpleCollectionViewController.m */,
				837D08C11859000F00E20B37 /* RZSimpleCollectionViewController.xib */,
				E1EA18F61BFABD7400F471EC /* RZSimpleCollectionViewController.swift */,
			);
			name = "Simple Collection View Controller";
			sourceTree = "<group>";
		};
		E1C37BB11C04FE7F00F2B87D /* Documentation */ = {
			isa = PBXGroup;
			children = (
				E1C37BB21C04FE9E00F2B87D /* LICENSE */,
				E1C37BB31C04FE9E00F2B87D /* README.md */,
				E1C37BB61C04FEBD00F2B87D /* ReadMeSnippets.swift */,
				E1C37BB91C04FFB000F2B87D /* ReadMeSnippets.m */,
			);
			name = Documentation;
			sourceTree = "<group>";
		};
/* End PBXGroup section */

/* Begin PBXNativeTarget section */
		833E36A3184E29C300A0326A /* RZTransitions-Demo */ = {
			isa = PBXNativeTarget;
			buildConfigurationList = 833E36D6184E29C300A0326A /* Build configuration list for PBXNativeTarget "RZTransitions-Demo" */;
			buildPhases = (
				833E36A0184E29C300A0326A /* Sources */,
				833E36A1184E29C300A0326A /* Frameworks */,
				833E36A2184E29C300A0326A /* Resources */,
			);
			buildRules = (
			);
			dependencies = (
			);
			name = "RZTransitions-Demo";
			productName = "RZTransitions-Demo";
			productReference = 833E36A4184E29C300A0326A /* RZTransitions-Demo.app */;
			productType = "com.apple.product-type.application";
		};
		833E36C4184E29C300A0326A /* RZTransitions-DemoTests */ = {
			isa = PBXNativeTarget;
			buildConfigurationList = 833E36D9184E29C300A0326A /* Build configuration list for PBXNativeTarget "RZTransitions-DemoTests" */;
			buildPhases = (
				833E36C1184E29C300A0326A /* Sources */,
				833E36C2184E29C300A0326A /* Frameworks */,
				833E36C3184E29C300A0326A /* Resources */,
			);
			buildRules = (
			);
			dependencies = (
				833E36CB184E29C300A0326A /* PBXTargetDependency */,
			);
			name = "RZTransitions-DemoTests";
			productName = "RZTransitions-DemoTests";
			productReference = 833E36C5184E29C300A0326A /* RZTransitions-DemoTests.xctest */;
			productType = "com.apple.product-type.bundle.unit-test";
		};
		E19CA4961BF5391A007F3FF5 /* RZTransitions-Demo-Swift */ = {
			isa = PBXNativeTarget;
			buildConfigurationList = E19CA4A81BF5391A007F3FF5 /* Build configuration list for PBXNativeTarget "RZTransitions-Demo-Swift" */;
			buildPhases = (
				E19CA4931BF5391A007F3FF5 /* Sources */,
				E19CA4941BF5391A007F3FF5 /* Frameworks */,
				E19CA4951BF5391A007F3FF5 /* Resources */,
			);
			buildRules = (
			);
			dependencies = (
			);
			name = "RZTransitions-Demo-Swift";
			productName = "RZTransitions-Demo-Swift";
			productReference = E19CA4971BF5391A007F3FF5 /* RZTransitions-Demo-Swift.app */;
			productType = "com.apple.product-type.application";
		};
/* End PBXNativeTarget section */

/* Begin PBXProject section */
		833E369C184E29C300A0326A /* Project object */ = {
			isa = PBXProject;
			attributes = {
				CLASSPREFIX = RZ;
				LastSwiftUpdateCheck = 0710;
				LastUpgradeCheck = 0710;
				ORGANIZATIONNAME = Raizlabs;
				TargetAttributes = {
					833E36C4184E29C300A0326A = {
						TestTargetID = 833E36A3184E29C300A0326A;
					};
					E19CA4961BF5391A007F3FF5 = {
						CreatedOnToolsVersion = 7.1.1;
					};
				};
			};
			buildConfigurationList = 833E369F184E29C300A0326A /* Build configuration list for PBXProject "RZTransitions-Demo" */;
			compatibilityVersion = "Xcode 6.3";
			developmentRegion = English;
			hasScannedForEncodings = 0;
			knownRegions = (
				en,
				Base,
			);
			mainGroup = 833E369B184E29C300A0326A;
			productRefGroup = 833E36A5184E29C300A0326A /* Products */;
			projectDirPath = "";
			projectRoot = "";
			targets = (
				833E36A3184E29C300A0326A /* RZTransitions-Demo */,
				E19CA4961BF5391A007F3FF5 /* RZTransitions-Demo-Swift */,
				833E36C4184E29C300A0326A /* RZTransitions-DemoTests */,
			);
		};
/* End PBXProject section */

/* Begin PBXResourcesBuildPhase section */
		833E36A2184E29C300A0326A /* Resources */ = {
			isa = PBXResourcesBuildPhase;
			buildActionMask = 2147483647;
			files = (
				833E3703184E5DB400A0326A /* RZSimpleColorViewController.xib in Resources */,
				833E36EE184E5AFF00A0326A /* RZSimpleViewController.xib in Resources */,
				E1C37BB41C04FE9E00F2B87D /* LICENSE in Resources */,
				833E36C0184E29C300A0326A /* Images.xcassets in Resources */,
				837D08C31859000F00E20B37 /* RZSimpleCollectionViewController.xib in Resources */,
				833E36B2184E29C300A0326A /* InfoPlist.strings in Resources */,
				E11760241BFFC16A0071800D /* Launch Screen.xib in Resources */,
			);
			runOnlyForDeploymentPostprocessing = 0;
		};
		833E36C3184E29C300A0326A /* Resources */ = {
			isa = PBXResourcesBuildPhase;
			buildActionMask = 2147483647;
			files = (
				833E36D1184E29C300A0326A /* InfoPlist.strings in Resources */,
			);
			runOnlyForDeploymentPostprocessing = 0;
		};
		E19CA4951BF5391A007F3FF5 /* Resources */ = {
			isa = PBXResourcesBuildPhase;
			buildActionMask = 2147483647;
			files = (
				E1A793381BF67CA2008D27EE /* InfoPlist.strings in Resources */,
				E1A793371BF67C90008D27EE /* Images.xcassets in Resources */,
				E1A793301BF677BC008D27EE /* RZSimpleViewController.xib in Resources */,
				E1A793321BF677BC008D27EE /* RZSimpleCollectionViewController.xib in Resources */,
				E1A793311BF677BC008D27EE /* RZSimpleColorViewController.xib in Resources */,
				E1EA18F51BFABA4800F471EC /* Default-568h@2x.png in Resources */,
			);
			runOnlyForDeploymentPostprocessing = 0;
		};
/* End PBXResourcesBuildPhase section */

/* Begin PBXSourcesBuildPhase section */
		833E36A0184E29C300A0326A /* Sources */ = {
			isa = PBXSourcesBuildPhase;
			buildActionMask = 2147483647;
			files = (
				9A0F7CA6195A0B9500271D1D /* UIImage+RZTransitionsFastImageBlur.m in Sources */,
				9A0F7CA0195A0B9500271D1D /* RZRectZoomAnimationController.m in Sources */,
				9A0F7CA7195A0B9500271D1D /* UIImage+RZTransitionsSnapshotHelpers.m in Sources */,
				9A0F7C99195A0B9500271D1D /* RZHorizontalInteractionController.m in Sources */,
				9A0F7C9C195A0B9500271D1D /* RZVerticalSwipeInteractionController.m in Sources */,
				833E36E9184E5A9A00A0326A /* RZTransitionsDemoAppDelegate.m in Sources */,
				9A0F7C9E195A0B9500271D1D /* RZCardSlideAnimationController.m in Sources */,
				9A0F7C9A195A0B9500271D1D /* RZOverscrollInteractionController.m in Sources */,
				9A0F7C9B195A0B9500271D1D /* RZPinchInteractionController.m in Sources */,
				9A0F7C98195A0B9500271D1D /* RZBaseSwipeInteractionController.m in Sources */,
				837D08C21859000F00E20B37 /* RZSimpleCollectionViewController.m in Sources */,
				833E3702184E5DB400A0326A /* RZSimpleColorViewController.m in Sources */,
				9A0F7C9D195A0B9500271D1D /* RZTransitionsManager.m in Sources */,
				E16E52791C0E1864009751AD /* NSObject+RZTransitionsViewHelpers.m in Sources */,
				9A0F7CA4195A0B9500271D1D /* RZZoomBlurAnimationController.m in Sources */,
				9A0F7C9F195A0B9500271D1D /* RZCirclePushAnimationController.m in Sources */,
				E1C37BBA1C04FFB000F2B87D /* ReadMeSnippets.m in Sources */,
				833E36ED184E5AFF00A0326A /* RZSimpleViewController.m in Sources */,
				9A0F7CA2195A0B9500271D1D /* RZShrinkZoomAnimationController.m in Sources */,
				833E36B4184E29C300A0326A /* main.m in Sources */,
				9A0F7C97195A0B9500271D1D /* RZUniqueTransition.m in Sources */,
				9A0F7CA3195A0B9500271D1D /* RZZoomAlphaAnimationController.m in Sources */,
				83855D0A185F98E3004DB036 /* UIColor+Random.m in Sources */,
				9A0F7C96195A0B9500271D1D /* RZTransitionsNavigationController.m in Sources */,
				9A0F7CA1195A0B9500271D1D /* RZSegmentControlMoveFadeAnimationController.m in Sources */,
				9A0F7CA5195A0B9500271D1D /* RZZoomPushAnimationController.m in Sources */,
			);
			runOnlyForDeploymentPostprocessing = 0;
		};
		833E36C1184E29C300A0326A /* Sources */ = {
			isa = PBXSourcesBuildPhase;
			buildActionMask = 2147483647;
			files = (
				83855D0B185F98E3004DB036 /* UIColor+Random.m in Sources */,
				833E36D3184E29C300A0326A /* RZTransitions_DemoTests.m in Sources */,
			);
			runOnlyForDeploymentPostprocessing = 0;
		};
		E19CA4931BF5391A007F3FF5 /* Sources */ = {
			isa = PBXSourcesBuildPhase;
			buildActionMask = 2147483647;
			files = (
				E1A793611BF67FA8008D27EE /* RZZoomBlurAnimationController.m in Sources */,
				E1A793591BF67FA8008D27EE /* RZPinchInteractionController.m in Sources */,
				E1A793681BF6833E008D27EE /* RZSimpleViewController.swift in Sources */,
				E1A7935E1BF67FA8008D27EE /* RZSegmentControlMoveFadeAnimationController.m in Sources */,
				E19CA4AA1BF539F4007F3FF5 /* RZTransitionsDemoAppDelegate.swift in Sources */,
				E1A7935D1BF67FA8008D27EE /* RZRectZoomAnimationController.m in Sources */,
				E1A7935C1BF67FA8008D27EE /* RZCirclePushAnimationController.m in Sources */,
				E1A793581BF67FA8008D27EE /* RZOverscrollInteractionController.m in Sources */,
				E1EA18F31BFA923600F471EC /* RZSimpleColorViewController.swift in Sources */,
				E1A7935A1BF67FA8008D27EE /* RZVerticalSwipeInteractionController.m in Sources */,
				E1A7935F1BF67FA8008D27EE /* RZShrinkZoomAnimationController.m in Sources */,
				E1A793621BF67FA8008D27EE /* RZZoomPushAnimationController.m in Sources */,
				E1A793351BF67B0B008D27EE /* RZTransitionsManager.m in Sources */,
				E1A7935B1BF67FA8008D27EE /* RZCardSlideAnimationController.m in Sources */,
				E1A793341BF67ABD008D27EE /* RZTransitionsNavigationController.m in Sources */,
				E1A793601BF67FA8008D27EE /* RZZoomAlphaAnimationController.m in Sources */,
				E18786DA1BFB5FB000E51D79 /* UIColor+Random.swift in Sources */,
				E1A793571BF67FA8008D27EE /* RZHorizontalInteractionController.m in Sources */,
				E1C37BB81C04FF3200F2B87D /* ReadMeSnippets.swift in Sources */,
				E1EA18F71BFABD7400F471EC /* RZSimpleCollectionViewController.swift in Sources */,
				E1A793631BF67FA8008D27EE /* UIImage+RZTransitionsFastImageBlur.m in Sources */,
				E1A793561BF67FA8008D27EE /* RZBaseSwipeInteractionController.m in Sources */,
				E1A793641BF67FA8008D27EE /* UIImage+RZTransitionsSnapshotHelpers.m in Sources */,
				E1A793361BF67B56008D27EE /* RZUniqueTransition.m in Sources */,
				E16E527B1C0E18AE009751AD /* NSObject+RZTransitionsViewHelpers.m in Sources */,
			);
			runOnlyForDeploymentPostprocessing = 0;
		};
/* End PBXSourcesBuildPhase section */

/* Begin PBXTargetDependency section */
		833E36CB184E29C300A0326A /* PBXTargetDependency */ = {
			isa = PBXTargetDependency;
			target = 833E36A3184E29C300A0326A /* RZTransitions-Demo */;
			targetProxy = 833E36CA184E29C300A0326A /* PBXContainerItemProxy */;
		};
/* End PBXTargetDependency section */

/* Begin PBXVariantGroup section */
		833E36B0184E29C300A0326A /* InfoPlist.strings */ = {
			isa = PBXVariantGroup;
			children = (
				833E36B1184E29C300A0326A /* en */,
			);
			name = InfoPlist.strings;
			sourceTree = "<group>";
		};
		833E36CF184E29C300A0326A /* InfoPlist.strings */ = {
			isa = PBXVariantGroup;
			children = (
				833E36D0184E29C300A0326A /* en */,
			);
			name = InfoPlist.strings;
			sourceTree = "<group>";
		};
		E11760221BFFC16A0071800D /* Launch Screen.xib */ = {
			isa = PBXVariantGroup;
			children = (
				E11760231BFFC16A0071800D /* en */,
			);
			name = "Launch Screen.xib";
			sourceTree = "<group>";
		};
/* End PBXVariantGroup section */

/* Begin XCBuildConfiguration section */
		833E36D4184E29C300A0326A /* Debug */ = {
			isa = XCBuildConfiguration;
			buildSettings = {
				ALWAYS_SEARCH_USER_PATHS = NO;
				CLANG_CXX_LANGUAGE_STANDARD = "gnu++0x";
				CLANG_CXX_LIBRARY = "libc++";
				CLANG_ENABLE_MODULES = YES;
				CLANG_ENABLE_OBJC_ARC = YES;
				CLANG_WARN_BOOL_CONVERSION = YES;
				CLANG_WARN_CONSTANT_CONVERSION = YES;
				CLANG_WARN_DIRECT_OBJC_ISA_USAGE = YES_ERROR;
				CLANG_WARN_EMPTY_BODY = YES;
				CLANG_WARN_ENUM_CONVERSION = YES;
				CLANG_WARN_INT_CONVERSION = YES;
				CLANG_WARN_OBJC_IMPLICIT_ATOMIC_PROPERTIES = YES;
				CLANG_WARN_OBJC_MISSING_PROPERTY_SYNTHESIS = NO;
				CLANG_WARN_OBJC_ROOT_CLASS = YES_ERROR;
				CLANG_WARN__DUPLICATE_METHOD_MATCH = YES;
				"CODE_SIGN_IDENTITY[sdk=iphoneos*]" = "iPhone Developer";
				COPY_PHASE_STRIP = NO;
				ENABLE_TESTABILITY = YES;
				GCC_C_LANGUAGE_STANDARD = gnu99;
				GCC_DYNAMIC_NO_PIC = NO;
				GCC_OPTIMIZATION_LEVEL = 0;
				GCC_PREPROCESSOR_DEFINITIONS = (
					"DEBUG=1",
					"$(inherited)",
				);
				GCC_SYMBOLS_PRIVATE_EXTERN = NO;
				GCC_WARN_64_TO_32_BIT_CONVERSION = YES;
				GCC_WARN_ABOUT_RETURN_TYPE = YES_ERROR;
				GCC_WARN_UNDECLARED_SELECTOR = YES;
				GCC_WARN_UNINITIALIZED_AUTOS = YES;
				GCC_WARN_UNUSED_FUNCTION = YES;
				GCC_WARN_UNUSED_VARIABLE = YES;
				IPHONEOS_DEPLOYMENT_TARGET = 7.0;
				ONLY_ACTIVE_ARCH = YES;
				SDKROOT = iphoneos;
				SWIFT_OBJC_BRIDGING_HEADER = "";
				WARNING_CFLAGS = "-Wincomplete-umbrella";
			};
			name = Debug;
		};
		833E36D5184E29C300A0326A /* Release */ = {
			isa = XCBuildConfiguration;
			buildSettings = {
				ALWAYS_SEARCH_USER_PATHS = NO;
				CLANG_CXX_LANGUAGE_STANDARD = "gnu++0x";
				CLANG_CXX_LIBRARY = "libc++";
				CLANG_ENABLE_MODULES = YES;
				CLANG_ENABLE_OBJC_ARC = YES;
				CLANG_WARN_BOOL_CONVERSION = YES;
				CLANG_WARN_CONSTANT_CONVERSION = YES;
				CLANG_WARN_DIRECT_OBJC_ISA_USAGE = YES_ERROR;
				CLANG_WARN_EMPTY_BODY = YES;
				CLANG_WARN_ENUM_CONVERSION = YES;
				CLANG_WARN_INT_CONVERSION = YES;
				CLANG_WARN_OBJC_IMPLICIT_ATOMIC_PROPERTIES = YES;
				CLANG_WARN_OBJC_MISSING_PROPERTY_SYNTHESIS = NO;
				CLANG_WARN_OBJC_ROOT_CLASS = YES_ERROR;
				CLANG_WARN__DUPLICATE_METHOD_MATCH = YES;
				"CODE_SIGN_IDENTITY[sdk=iphoneos*]" = "iPhone Developer";
				COPY_PHASE_STRIP = YES;
				ENABLE_NS_ASSERTIONS = NO;
				GCC_C_LANGUAGE_STANDARD = gnu99;
				GCC_WARN_64_TO_32_BIT_CONVERSION = YES;
				GCC_WARN_ABOUT_RETURN_TYPE = YES_ERROR;
				GCC_WARN_UNDECLARED_SELECTOR = YES;
				GCC_WARN_UNINITIALIZED_AUTOS = YES;
				GCC_WARN_UNUSED_FUNCTION = YES;
				GCC_WARN_UNUSED_VARIABLE = YES;
				IPHONEOS_DEPLOYMENT_TARGET = 7.0;
				ONLY_ACTIVE_ARCH = YES;
				SDKROOT = iphoneos;
				SWIFT_OBJC_BRIDGING_HEADER = "";
				VALIDATE_PRODUCT = YES;
				WARNING_CFLAGS = "-Wincomplete-umbrella";
			};
			name = Release;
		};
		833E36D7184E29C300A0326A /* Debug */ = {
			isa = XCBuildConfiguration;
			buildSettings = {
				ASSETCATALOG_COMPILER_APPICON_NAME = AppIcon;
				ASSETCATALOG_COMPILER_LAUNCHIMAGE_NAME = LaunchImage;
				GCC_PRECOMPILE_PREFIX_HEADER = YES;
				GCC_PREFIX_HEADER = "RZTransitions-Demo/RZTransitions-Demo-Prefix.pch";
				INFOPLIST_FILE = "RZTransitions-Demo/RZTransitions-Demo-Info.plist";
				LD_RUNPATH_SEARCH_PATHS = "$(inherited) @executable_path/Frameworks";
				PRODUCT_BUNDLE_IDENTIFIER = "com.raizlabs.${PRODUCT_NAME:rfc1034identifier}";
				PRODUCT_NAME = "$(TARGET_NAME)";
				SWIFT_OPTIMIZATION_LEVEL = "-Onone";
				TARGETED_DEVICE_FAMILY = 1;
				WRAPPER_EXTENSION = app;
			};
			name = Debug;
		};
		833E36D8184E29C300A0326A /* Release */ = {
			isa = XCBuildConfiguration;
			buildSettings = {
				ASSETCATALOG_COMPILER_APPICON_NAME = AppIcon;
				ASSETCATALOG_COMPILER_LAUNCHIMAGE_NAME = LaunchImage;
				GCC_PRECOMPILE_PREFIX_HEADER = YES;
				GCC_PREFIX_HEADER = "RZTransitions-Demo/RZTransitions-Demo-Prefix.pch";
				INFOPLIST_FILE = "RZTransitions-Demo/RZTransitions-Demo-Info.plist";
				LD_RUNPATH_SEARCH_PATHS = "$(inherited) @executable_path/Frameworks";
				PRODUCT_BUNDLE_IDENTIFIER = "com.raizlabs.${PRODUCT_NAME:rfc1034identifier}";
				PRODUCT_NAME = "$(TARGET_NAME)";
				TARGETED_DEVICE_FAMILY = 1;
				WRAPPER_EXTENSION = app;
			};
			name = Release;
		};
		833E36DA184E29C300A0326A /* Debug */ = {
			isa = XCBuildConfiguration;
			buildSettings = {
				BUNDLE_LOADER = "$(BUILT_PRODUCTS_DIR)/RZTransitions-Demo.app/RZTransitions-Demo";
				FRAMEWORK_SEARCH_PATHS = (
					"$(SDKROOT)/Developer/Library/Frameworks",
					"$(inherited)",
					"$(DEVELOPER_FRAMEWORKS_DIR)",
				);
				GCC_PRECOMPILE_PREFIX_HEADER = YES;
				GCC_PREFIX_HEADER = "RZTransitions-Demo/RZTransitions-Demo-Prefix.pch";
				GCC_PREPROCESSOR_DEFINITIONS = (
					"DEBUG=1",
					"$(inherited)",
				);
				INFOPLIST_FILE = "RZTransitions-DemoTests/RZTransitions-DemoTests-Info.plist";
				PRODUCT_BUNDLE_IDENTIFIER = "com.raizlabs.${PRODUCT_NAME:rfc1034identifier}";
				PRODUCT_NAME = "$(TARGET_NAME)";
				TEST_HOST = "$(BUNDLE_LOADER)";
				WRAPPER_EXTENSION = xctest;
			};
			name = Debug;
		};
		833E36DB184E29C300A0326A /* Release */ = {
			isa = XCBuildConfiguration;
			buildSettings = {
				BUNDLE_LOADER = "$(BUILT_PRODUCTS_DIR)/RZTransitions-Demo.app/RZTransitions-Demo";
				FRAMEWORK_SEARCH_PATHS = (
					"$(SDKROOT)/Developer/Library/Frameworks",
					"$(inherited)",
					"$(DEVELOPER_FRAMEWORKS_DIR)",
				);
				GCC_PRECOMPILE_PREFIX_HEADER = YES;
				GCC_PREFIX_HEADER = "RZTransitions-Demo/RZTransitions-Demo-Prefix.pch";
				INFOPLIST_FILE = "RZTransitions-DemoTests/RZTransitions-DemoTests-Info.plist";
				PRODUCT_BUNDLE_IDENTIFIER = "com.raizlabs.${PRODUCT_NAME:rfc1034identifier}";
				PRODUCT_NAME = "$(TARGET_NAME)";
				TEST_HOST = "$(BUNDLE_LOADER)";
				WRAPPER_EXTENSION = xctest;
			};
			name = Release;
		};
		E19CA4A61BF5391A007F3FF5 /* Debug */ = {
			isa = XCBuildConfiguration;
			buildSettings = {
				ASSETCATALOG_COMPILER_APPICON_NAME = AppIcon;
				CLANG_WARN_OBJC_EXPLICIT_OWNERSHIP_TYPE = YES;
				CLANG_WARN_OBJC_IMPLICIT_RETAIN_SELF = YES;
				CLANG_WARN_OBJC_REPEATED_USE_OF_WEAK = NO;
				CLANG_WARN_UNREACHABLE_CODE = YES;
				DEBUG_INFORMATION_FORMAT = dwarf;
				ENABLE_STRICT_OBJC_MSGSEND = YES;
				ENABLE_TESTABILITY = YES;
				GCC_NO_COMMON_BLOCKS = YES;
				GCC_WARN_UNINITIALIZED_AUTOS = YES_AGGRESSIVE;
				INFOPLIST_FILE = "RZTransitions-Demo/RZTransitions-Demo-Info.plist";
				IPHONEOS_DEPLOYMENT_TARGET = 7.0;
				LD_RUNPATH_SEARCH_PATHS = "$(inherited) @executable_path/Frameworks";
				MTL_ENABLE_DEBUG_INFO = YES;
				PRODUCT_BUNDLE_IDENTIFIER = "com.raizlabs.RZTransitions-Demo-Swift";
				PRODUCT_NAME = "$(TARGET_NAME)";
				SWIFT_OBJC_BRIDGING_HEADER = "RZTransitions-Demo/Bridging-Header.h";
				SWIFT_OPTIMIZATION_LEVEL = "-Onone";
				TARGETED_DEVICE_FAMILY = "1,2";
			};
			name = Debug;
		};
		E19CA4A71BF5391A007F3FF5 /* Release */ = {
			isa = XCBuildConfiguration;
			buildSettings = {
				ASSETCATALOG_COMPILER_APPICON_NAME = AppIcon;
				CLANG_WARN_OBJC_EXPLICIT_OWNERSHIP_TYPE = YES;
				CLANG_WARN_OBJC_IMPLICIT_RETAIN_SELF = YES;
				CLANG_WARN_OBJC_REPEATED_USE_OF_WEAK = NO;
				CLANG_WARN_UNREACHABLE_CODE = YES;
				COPY_PHASE_STRIP = NO;
				DEBUG_INFORMATION_FORMAT = "dwarf-with-dsym";
				ENABLE_STRICT_OBJC_MSGSEND = YES;
				GCC_NO_COMMON_BLOCKS = YES;
				GCC_WARN_UNINITIALIZED_AUTOS = YES_AGGRESSIVE;
				INFOPLIST_FILE = "RZTransitions-Demo/RZTransitions-Demo-Info.plist";
				IPHONEOS_DEPLOYMENT_TARGET = 7.0;
				LD_RUNPATH_SEARCH_PATHS = "$(inherited) @executable_path/Frameworks";
				MTL_ENABLE_DEBUG_INFO = NO;
				PRODUCT_BUNDLE_IDENTIFIER = "com.raizlabs.RZTransitions-Demo-Swift";
				PRODUCT_NAME = "$(TARGET_NAME)";
				SWIFT_OBJC_BRIDGING_HEADER = "RZTransitions-Demo/Bridging-Header.h";
				TARGETED_DEVICE_FAMILY = "1,2";
			};
			name = Release;
		};
/* End XCBuildConfiguration section */

/* Begin XCConfigurationList section */
		833E369F184E29C300A0326A /* Build configuration list for PBXProject "RZTransitions-Demo" */ = {
			isa = XCConfigurationList;
			buildConfigurations = (
				833E36D4184E29C300A0326A /* Debug */,
				833E36D5184E29C300A0326A /* Release */,
			);
			defaultConfigurationIsVisible = 0;
			defaultConfigurationName = Release;
		};
		833E36D6184E29C300A0326A /* Build configuration list for PBXNativeTarget "RZTransitions-Demo" */ = {
			isa = XCConfigurationList;
			buildConfigurations = (
				833E36D7184E29C300A0326A /* Debug */,
				833E36D8184E29C300A0326A /* Release */,
			);
			defaultConfigurationIsVisible = 0;
			defaultConfigurationName = Release;
		};
		833E36D9184E29C300A0326A /* Build configuration list for PBXNativeTarget "RZTransitions-DemoTests" */ = {
			isa = XCConfigurationList;
			buildConfigurations = (
				833E36DA184E29C300A0326A /* Debug */,
				833E36DB184E29C300A0326A /* Release */,
			);
			defaultConfigurationIsVisible = 0;
			defaultConfigurationName = Release;
		};
		E19CA4A81BF5391A007F3FF5 /* Build configuration list for PBXNativeTarget "RZTransitions-Demo-Swift" */ = {
			isa = XCConfigurationList;
			buildConfigurations = (
				E19CA4A61BF5391A007F3FF5 /* Debug */,
				E19CA4A71BF5391A007F3FF5 /* Release */,
			);
			defaultConfigurationIsVisible = 0;
			defaultConfigurationName = Release;
		};
/* End XCConfigurationList section */
	};
	rootObject = 833E369C184E29C300A0326A /* Project object */;
}
